<?xml version="1.0" encoding="UTF-8"?>
<!DOCTYPE plist PUBLIC "-//Apple//DTD PLIST 1.0//EN" "http://www.apple.com/DTDs/PropertyList-1.0.dtd">
<plist version="1.0">
<dict>
	<key>archiveVersion</key>
	<string>1</string>
	<key>classes</key>
	<dict/>
	<key>objectVersion</key>
	<string>46</string>
	<key>objects</key>
	<dict>
		<key>2A05C01AB543AEAB6FDB69B4</key>
		<dict>
			<key>children</key>
			<array>
				<string>E11494CDA5B95032783ABA1B</string>
				<string>E257BEB60644C0B0CB5EF29B</string>
			</array>
			<key>isa</key>
			<string>PBXGroup</string>
			<key>name</key>
			<string>Pods</string>
			<key>sourceTree</key>
			<string>&lt;group&gt;</string>
		</dict>
		<key>49A6C9D4A007881FA3883D5B</key>
		<dict>
			<key>fileRef</key>
			<string>A42DFA2523BF449F1AB00733</string>
			<key>isa</key>
			<string>PBXBuildFile</string>
		</dict>
		<key>7C8BF0F2773F94E2F0629637</key>
		<dict>
			<key>buildActionMask</key>
			<string>2147483647</string>
			<key>files</key>
			<array/>
			<key>inputPaths</key>
			<array/>
			<key>isa</key>
			<string>PBXShellScriptBuildPhase</string>
			<key>name</key>
			<string>[CP] Embed Pods Frameworks</string>
			<key>outputPaths</key>
			<array/>
			<key>runOnlyForDeploymentPostprocessing</key>
			<string>0</string>
			<key>shellPath</key>
			<string>/bin/sh</string>
			<key>shellScript</key>
			<string>"${SRCROOT}/Pods/Target Support Files/Pods-Floral/Pods-Floral-frameworks.sh"
</string>
			<key>showEnvVarsInLog</key>
			<string>0</string>
		</dict>
		<key>8F33ACE6479907CFF4B95BDC</key>
		<dict>
			<key>buildActionMask</key>
			<string>2147483647</string>
			<key>files</key>
			<array/>
			<key>inputPaths</key>
			<array/>
			<key>isa</key>
			<string>PBXShellScriptBuildPhase</string>
			<key>name</key>
			<string>[CP] Check Pods Manifest.lock</string>
			<key>outputPaths</key>
			<array/>
			<key>runOnlyForDeploymentPostprocessing</key>
			<string>0</string>
			<key>shellPath</key>
			<string>/bin/sh</string>
			<key>shellScript</key>
			<string>diff "${PODS_ROOT}/../Podfile.lock" "${PODS_ROOT}/Manifest.lock" &gt; /dev/null
if [[ $? != 0 ]] ; then
    cat &lt;&lt; EOM
error: The sandbox is not in sync with the Podfile.lock. Run 'pod install' or update your CocoaPods installation.
EOM
    exit 1
fi
</string>
			<key>showEnvVarsInLog</key>
			<string>0</string>
		</dict>
		<key>A42DFA2523BF449F1AB00733</key>
		<dict>
			<key>explicitFileType</key>
			<string>archive.ar</string>
			<key>includeInIndex</key>
			<string>0</string>
			<key>isa</key>
			<string>PBXFileReference</string>
			<key>path</key>
			<string>libPods-Floral.a</string>
			<key>sourceTree</key>
			<string>BUILT_PRODUCTS_DIR</string>
		</dict>
		<key>E11494CDA5B95032783ABA1B</key>
		<dict>
			<key>includeInIndex</key>
			<string>1</string>
			<key>isa</key>
			<string>PBXFileReference</string>
			<key>lastKnownFileType</key>
			<string>text.xcconfig</string>
			<key>name</key>
			<string>Pods-Floral.debug.xcconfig</string>
			<key>path</key>
			<string>Pods/Target Support Files/Pods-Floral/Pods-Floral.debug.xcconfig</string>
			<key>sourceTree</key>
			<string>&lt;group&gt;</string>
		</dict>
		<key>E1432ABE40191F86C55D93CF</key>
		<dict>
			<key>buildActionMask</key>
			<string>2147483647</string>
			<key>files</key>
			<array/>
			<key>inputPaths</key>
			<array/>
			<key>isa</key>
			<string>PBXShellScriptBuildPhase</string>
			<key>name</key>
			<string>[CP] Copy Pods Resources</string>
			<key>outputPaths</key>
			<array/>
			<key>runOnlyForDeploymentPostprocessing</key>
			<string>0</string>
			<key>shellPath</key>
			<string>/bin/sh</string>
			<key>shellScript</key>
			<string>"${SRCROOT}/Pods/Target Support Files/Pods-Floral/Pods-Floral-resources.sh"
</string>
			<key>showEnvVarsInLog</key>
			<string>0</string>
		</dict>
		<key>E257BEB60644C0B0CB5EF29B</key>
		<dict>
			<key>includeInIndex</key>
			<string>1</string>
			<key>isa</key>
			<string>PBXFileReference</string>
			<key>lastKnownFileType</key>
			<string>text.xcconfig</string>
			<key>name</key>
			<string>Pods-Floral.release.xcconfig</string>
			<key>path</key>
			<string>Pods/Target Support Files/Pods-Floral/Pods-Floral.release.xcconfig</string>
			<key>sourceTree</key>
			<string>&lt;group&gt;</string>
		</dict>
		<key>F9BF9811BA758DCF22CE3657</key>
		<dict>
			<key>children</key>
			<array>
				<string>A42DFA2523BF449F1AB00733</string>
			</array>
			<key>isa</key>
			<string>PBXGroup</string>
			<key>name</key>
			<string>Frameworks</string>
			<key>sourceTree</key>
			<string>&lt;group&gt;</string>
		</dict>
		<key>FE4E094B1D976AEC00098BAF</key>
		<dict>
			<key>children</key>
			<array>
				<string>FEF72AAB1D976315004E57B7</string>
				<string>FE4E094C1D976AEC00098BAF</string>
				<string>FE4E09511D976AEC00098BAF</string>
				<string>FE4E09531D976AEC00098BAF</string>
			</array>
			<key>isa</key>
			<string>PBXGroup</string>
			<key>path</key>
			<string>Resources</string>
			<key>sourceTree</key>
			<string>&lt;group&gt;</string>
		</dict>
		<key>FE4E094C1D976AEC00098BAF</key>
		<dict>
			<key>children</key>
			<array>
				<string>FE4E094D1D976AEC00098BAF</string>
				<string>FE4E094E1D976AEC00098BAF</string>
				<string>FE4E094F1D976AEC00098BAF</string>
				<string>FE4E09501D976AEC00098BAF</string>
			</array>
			<key>isa</key>
			<string>PBXGroup</string>
			<key>path</key>
			<string>font</string>
			<key>sourceTree</key>
			<string>&lt;group&gt;</string>
		</dict>
		<key>FE4E094D1D976AEC00098BAF</key>
		<dict>
			<key>isa</key>
			<string>PBXFileReference</string>
			<key>lastKnownFileType</key>
			<string>file</string>
			<key>path</key>
			<string>CODE BOLD.OTF</string>
			<key>sourceTree</key>
			<string>&lt;group&gt;</string>
		</dict>
		<key>FE4E094E1D976AEC00098BAF</key>
		<dict>
			<key>isa</key>
			<string>PBXFileReference</string>
			<key>lastKnownFileType</key>
			<string>file</string>
			<key>path</key>
			<string>CODE LIGHT.OTF</string>
			<key>sourceTree</key>
			<string>&lt;group&gt;</string>
		</dict>
		<key>FE4E094F1D976AEC00098BAF</key>
		<dict>
			<key>isa</key>
			<string>PBXFileReference</string>
			<key>lastKnownFileType</key>
			<string>file</string>
			<key>path</key>
			<string>FZXQJW_0.TTF</string>
			<key>sourceTree</key>
			<string>&lt;group&gt;</string>
		</dict>
		<key>FE4E09501D976AEC00098BAF</key>
		<dict>
			<key>isa</key>
			<string>PBXFileReference</string>
			<key>lastKnownFileType</key>
			<string>file</string>
			<key>path</key>
			<string>&#26041;&#27491;&#20848;&#20141;&#32420;&#40657;&#31616;&#20307;.TTF</string>
			<key>sourceTree</key>
			<string>&lt;group&gt;</string>
		</dict>
		<key>FE4E09511D976AEC00098BAF</key>
		<dict>
			<key>children</key>
			<array>
				<string>FE4E09521D976AEC00098BAF</string>
			</array>
			<key>isa</key>
			<string>PBXGroup</string>
			<key>path</key>
			<string>js</string>
			<key>sourceTree</key>
			<string>&lt;group&gt;</string>
		</dict>
		<key>FE4E09521D976AEC00098BAF</key>
		<dict>
			<key>fileEncoding</key>
			<string>4</string>
			<key>isa</key>
			<string>PBXFileReference</string>
			<key>lastKnownFileType</key>
			<string>sourcecode.javascript</string>
			<key>path</key>
			<string>image.js</string>
			<key>sourceTree</key>
			<string>&lt;group&gt;</string>
		</dict>
		<key>FE4E09531D976AEC00098BAF</key>
		<dict>
			<key>children</key>
			<array>
				<string>FE4E09541D976AEC00098BAF</string>
				<string>FE4E09551D976AEC00098BAF</string>
				<string>FE4E09561D976AEC00098BAF</string>
			</array>
			<key>isa</key>
			<string>PBXGroup</string>
			<key>path</key>
			<string>plist</string>
			<key>sourceTree</key>
			<string>&lt;group&gt;</string>
		</dict>
		<key>FE4E09541D976AEC00098BAF</key>
		<dict>
			<key>isa</key>
			<string>PBXFileReference</string>
			<key>lastKnownFileType</key>
			<string>file.bplist</string>
			<key>path</key>
			<string>area.plist</string>
			<key>sourceTree</key>
			<string>&lt;group&gt;</string>
		</dict>
		<key>FE4E09551D976AEC00098BAF</key>
		<dict>
			<key>isa</key>
			<string>PBXFileReference</string>
			<key>lastKnownFileType</key>
			<string>file.bplist</string>
			<key>path</key>
			<string>city.plist</string>
			<key>sourceTree</key>
			<string>&lt;group&gt;</string>
		</dict>
		<key>FE4E09561D976AEC00098BAF</key>
		<dict>
			<key>isa</key>
			<string>PBXFileReference</string>
			<key>lastKnownFileType</key>
			<string>file.bplist</string>
			<key>path</key>
			<string>country.plist</string>
			<key>sourceTree</key>
			<string>&lt;group&gt;</string>
		</dict>
		<key>FE4E09571D976AEC00098BAF</key>
		<dict>
			<key>fileRef</key>
			<string>FE4E094D1D976AEC00098BAF</string>
			<key>isa</key>
			<string>PBXBuildFile</string>
		</dict>
		<key>FE4E09581D976AEC00098BAF</key>
		<dict>
			<key>fileRef</key>
			<string>FE4E094E1D976AEC00098BAF</string>
			<key>isa</key>
			<string>PBXBuildFile</string>
		</dict>
		<key>FE4E09591D976AEC00098BAF</key>
		<dict>
			<key>fileRef</key>
			<string>FE4E094F1D976AEC00098BAF</string>
			<key>isa</key>
			<string>PBXBuildFile</string>
		</dict>
		<key>FE4E095A1D976AEC00098BAF</key>
		<dict>
			<key>fileRef</key>
			<string>FE4E09501D976AEC00098BAF</string>
			<key>isa</key>
			<string>PBXBuildFile</string>
		</dict>
		<key>FE4E095B1D976AEC00098BAF</key>
		<dict>
			<key>fileRef</key>
			<string>FE4E09521D976AEC00098BAF</string>
			<key>isa</key>
			<string>PBXBuildFile</string>
		</dict>
		<key>FE4E095C1D976AEC00098BAF</key>
		<dict>
			<key>fileRef</key>
			<string>FE4E09541D976AEC00098BAF</string>
			<key>isa</key>
			<string>PBXBuildFile</string>
		</dict>
		<key>FE4E095D1D976AEC00098BAF</key>
		<dict>
			<key>fileRef</key>
			<string>FE4E09551D976AEC00098BAF</string>
			<key>isa</key>
			<string>PBXBuildFile</string>
		</dict>
		<key>FE4E095E1D976AEC00098BAF</key>
		<dict>
			<key>fileRef</key>
			<string>FE4E09561D976AEC00098BAF</string>
			<key>isa</key>
			<string>PBXBuildFile</string>
		</dict>
		<key>FE4E09861D977ECD00098BAF</key>
		<dict>
			<key>children</key>
			<array>
				<string>FE4E099E1D977ECD00098BAF</string>
				<string>FE4E098D1D977ECD00098BAF</string>
				<string>FE4E09A21D977ECD00098BAF</string>
				<string>FE4E09871D977ECD00098BAF</string>
				<string>FE4E09921D977ECD00098BAF</string>
				<string>FE4E09981D977ECD00098BAF</string>
			</array>
			<key>isa</key>
			<string>PBXGroup</string>
			<key>path</key>
			<string>Classes</string>
			<key>sourceTree</key>
			<string>&lt;group&gt;</string>
		</dict>
		<key>FE4E09871D977ECD00098BAF</key>
		<dict>
			<key>children</key>
			<array>
				<string>FE4E09881D977ECD00098BAF</string>
				<string>FE4E098B1D977ECD00098BAF</string>
				<string>FE4E098C1D977ECD00098BAF</string>
			</array>
			<key>isa</key>
			<string>PBXGroup</string>
			<key>path</key>
			<string>Community - &#31038;&#21306;</string>
			<key>sourceTree</key>
			<string>&lt;group&gt;</string>
		</dict>
		<key>FE4E09881D977ECD00098BAF</key>
		<dict>
			<key>children</key>
			<array>
				<string>FE4E09891D977ECD00098BAF</string>
				<string>FE4E098A1D977ECD00098BAF</string>
			</array>
			<key>isa</key>
			<string>PBXGroup</string>
			<key>path</key>
			<string>Controller</string>
			<key>sourceTree</key>
			<string>&lt;group&gt;</string>
		</dict>
		<key>FE4E09891D977ECD00098BAF</key>
		<dict>
			<key>fileEncoding</key>
			<string>4</string>
			<key>isa</key>
			<string>PBXFileReference</string>
			<key>lastKnownFileType</key>
			<string>sourcecode.c.h</string>
			<key>path</key>
			<string>MJCommunityViewController.h</string>
			<key>sourceTree</key>
			<string>&lt;group&gt;</string>
		</dict>
		<key>FE4E098A1D977ECD00098BAF</key>
		<dict>
			<key>fileEncoding</key>
			<string>4</string>
			<key>isa</key>
			<string>PBXFileReference</string>
			<key>lastKnownFileType</key>
			<string>sourcecode.c.objc</string>
			<key>path</key>
			<string>MJCommunityViewController.m</string>
			<key>sourceTree</key>
			<string>&lt;group&gt;</string>
		</dict>
		<key>FE4E098B1D977ECD00098BAF</key>
		<dict>
			<key>children</key>
			<array/>
			<key>isa</key>
			<string>PBXGroup</string>
			<key>path</key>
			<string>Model</string>
			<key>sourceTree</key>
			<string>&lt;group&gt;</string>
		</dict>
		<key>FE4E098C1D977ECD00098BAF</key>
		<dict>
			<key>children</key>
			<array/>
			<key>isa</key>
			<string>PBXGroup</string>
			<key>path</key>
			<string>View</string>
			<key>sourceTree</key>
			<string>&lt;group&gt;</string>
		</dict>
		<key>FE4E098D1D977ECD00098BAF</key>
		<dict>
			<key>children</key>
			<array>
				<string>FE4E098E1D977ECD00098BAF</string>
				<string>FE4E098F1D977ECD00098BAF</string>
				<string>FE4E09901D977ECD00098BAF</string>
				<string>FE4E09911D977ECD00098BAF</string>
			</array>
			<key>isa</key>
			<string>PBXGroup</string>
			<key>path</key>
			<string>Main - &#20027;&#35201;</string>
			<key>sourceTree</key>
			<string>&lt;group&gt;</string>
		</dict>
		<key>FE4E098E1D977ECD00098BAF</key>
		<dict>
			<key>fileEncoding</key>
			<string>4</string>
			<key>isa</key>
			<string>PBXFileReference</string>
			<key>lastKnownFileType</key>
			<string>sourcecode.c.h</string>
			<key>path</key>
			<string>MJMainNavigationController.h</string>
			<key>sourceTree</key>
			<string>&lt;group&gt;</string>
		</dict>
		<key>FE4E098F1D977ECD00098BAF</key>
		<dict>
			<key>fileEncoding</key>
			<string>4</string>
			<key>isa</key>
			<string>PBXFileReference</string>
			<key>lastKnownFileType</key>
			<string>sourcecode.c.objc</string>
			<key>path</key>
			<string>MJMainNavigationController.m</string>
			<key>sourceTree</key>
			<string>&lt;group&gt;</string>
		</dict>
		<key>FE4E09901D977ECD00098BAF</key>
		<dict>
			<key>fileEncoding</key>
			<string>4</string>
			<key>isa</key>
			<string>PBXFileReference</string>
			<key>lastKnownFileType</key>
			<string>sourcecode.c.h</string>
			<key>path</key>
			<string>MJMainTabBarController.h</string>
			<key>sourceTree</key>
			<string>&lt;group&gt;</string>
		</dict>
		<key>FE4E09911D977ECD00098BAF</key>
		<dict>
			<key>fileEncoding</key>
			<string>4</string>
			<key>isa</key>
			<string>PBXFileReference</string>
			<key>lastKnownFileType</key>
			<string>sourcecode.c.objc</string>
			<key>path</key>
			<string>MJMainTabBarController.m</string>
			<key>sourceTree</key>
			<string>&lt;group&gt;</string>
		</dict>
		<key>FE4E09921D977ECD00098BAF</key>
		<dict>
			<key>children</key>
			<array>
				<string>FE4E09931D977ECD00098BAF</string>
				<string>FE4E09961D977ECD00098BAF</string>
				<string>FE4E09971D977ECD00098BAF</string>
			</array>
			<key>isa</key>
			<string>PBXGroup</string>
			<key>path</key>
			<string>Mall - &#21830;&#22478;</string>
			<key>sourceTree</key>
			<string>&lt;group&gt;</string>
		</dict>
		<key>FE4E09931D977ECD00098BAF</key>
		<dict>
			<key>children</key>
			<array>
				<string>FE4E09941D977ECD00098BAF</string>
				<string>FE4E09951D977ECD00098BAF</string>
			</array>
			<key>isa</key>
			<string>PBXGroup</string>
			<key>path</key>
			<string>Controller</string>
			<key>sourceTree</key>
			<string>&lt;group&gt;</string>
		</dict>
		<key>FE4E09941D977ECD00098BAF</key>
		<dict>
			<key>fileEncoding</key>
			<string>4</string>
			<key>isa</key>
			<string>PBXFileReference</string>
			<key>lastKnownFileType</key>
			<string>sourcecode.c.h</string>
			<key>path</key>
			<string>MJMallViewController.h</string>
			<key>sourceTree</key>
			<string>&lt;group&gt;</string>
		</dict>
		<key>FE4E09951D977ECD00098BAF</key>
		<dict>
			<key>fileEncoding</key>
			<string>4</string>
			<key>isa</key>
			<string>PBXFileReference</string>
			<key>lastKnownFileType</key>
			<string>sourcecode.c.objc</string>
			<key>path</key>
			<string>MJMallViewController.m</string>
			<key>sourceTree</key>
			<string>&lt;group&gt;</string>
		</dict>
		<key>FE4E09961D977ECD00098BAF</key>
		<dict>
			<key>children</key>
			<array/>
			<key>isa</key>
			<string>PBXGroup</string>
			<key>path</key>
			<string>Model</string>
			<key>sourceTree</key>
			<string>&lt;group&gt;</string>
		</dict>
		<key>FE4E09971D977ECD00098BAF</key>
		<dict>
			<key>children</key>
			<array/>
			<key>isa</key>
			<string>PBXGroup</string>
			<key>path</key>
			<string>View</string>
			<key>sourceTree</key>
			<string>&lt;group&gt;</string>
		</dict>
		<key>FE4E09981D977ECD00098BAF</key>
		<dict>
			<key>children</key>
			<array>
				<string>FE4E09991D977ECD00098BAF</string>
				<string>FE4E099C1D977ECD00098BAF</string>
				<string>FE4E099D1D977ECD00098BAF</string>
			</array>
			<key>isa</key>
			<string>PBXGroup</string>
			<key>path</key>
			<string>Mine - &#25105;&#30340;</string>
			<key>sourceTree</key>
			<string>&lt;group&gt;</string>
		</dict>
		<key>FE4E09991D977ECD00098BAF</key>
		<dict>
			<key>children</key>
			<array>
				<string>FE4E099A1D977ECD00098BAF</string>
				<string>FE4E099B1D977ECD00098BAF</string>
			</array>
			<key>isa</key>
			<string>PBXGroup</string>
			<key>path</key>
			<string>Controller</string>
			<key>sourceTree</key>
			<string>&lt;group&gt;</string>
		</dict>
		<key>FE4E099A1D977ECD00098BAF</key>
		<dict>
			<key>fileEncoding</key>
			<string>4</string>
			<key>isa</key>
			<string>PBXFileReference</string>
			<key>lastKnownFileType</key>
			<string>sourcecode.c.h</string>
			<key>path</key>
			<string>MJMineViewController.h</string>
			<key>sourceTree</key>
			<string>&lt;group&gt;</string>
		</dict>
		<key>FE4E099B1D977ECD00098BAF</key>
		<dict>
			<key>fileEncoding</key>
			<string>4</string>
			<key>isa</key>
			<string>PBXFileReference</string>
			<key>lastKnownFileType</key>
			<string>sourcecode.c.objc</string>
			<key>path</key>
			<string>MJMineViewController.m</string>
			<key>sourceTree</key>
			<string>&lt;group&gt;</string>
		</dict>
		<key>FE4E099C1D977ECD00098BAF</key>
		<dict>
			<key>children</key>
			<array/>
			<key>isa</key>
			<string>PBXGroup</string>
			<key>path</key>
			<string>Model</string>
			<key>sourceTree</key>
			<string>&lt;group&gt;</string>
		</dict>
		<key>FE4E099D1D977ECD00098BAF</key>
		<dict>
			<key>children</key>
			<array/>
			<key>isa</key>
			<string>PBXGroup</string>
			<key>path</key>
			<string>View</string>
			<key>sourceTree</key>
			<string>&lt;group&gt;</string>
		</dict>
		<key>FE4E099E1D977ECD00098BAF</key>
		<dict>
			<key>children</key>
			<array>
				<string>FE4E099F1D977ECD00098BAF</string>
				<string>FE4E09A01D977ECD00098BAF</string>
				<string>FE4E09A11D977ECD00098BAF</string>
			</array>
			<key>isa</key>
			<string>PBXGroup</string>
			<key>path</key>
			<string>Others - &#24037;&#20855;&#31867;</string>
			<key>sourceTree</key>
			<string>&lt;group&gt;</string>
		</dict>
		<key>FE4E099F1D977ECD00098BAF</key>
		<dict>
			<key>children</key>
			<array>
				<string>FE4E09B11D97835900098BAF</string>
				<string>FE4E09B21D97835900098BAF</string>
				<string>FE4E09B31D97835900098BAF</string>
				<string>FE4E09B41D97835900098BAF</string>
				<string>FE4E09B51D97835900098BAF</string>
				<string>FE4E09B61D97835900098BAF</string>
				<string>FE4E09B71D97835900098BAF</string>
				<string>FE4E09B81D97835900098BAF</string>
				<string>FE4E09B91D97835900098BAF</string>
				<string>FE4E09BA1D97835900098BAF</string>
				<string>FE4E09AE1D977F5900098BAF</string>
				<string>FE4E09AF1D977F5900098BAF</string>
			</array>
			<key>isa</key>
			<string>PBXGroup</string>
			<key>path</key>
			<string>Category</string>
			<key>sourceTree</key>
			<string>&lt;group&gt;</string>
		</dict>
		<key>FE4E09A01D977ECD00098BAF</key>
		<dict>
			<key>children</key>
			<array>
				<string>FEF72AA21D976315004E57B7</string>
				<string>FEF72AA31D976315004E57B7</string>
			</array>
			<key>isa</key>
			<string>PBXGroup</string>
			<key>path</key>
			<string>Delegate</string>
			<key>sourceTree</key>
			<string>&lt;group&gt;</string>
		</dict>
		<key>FE4E09A11D977ECD00098BAF</key>
		<dict>
			<key>children</key>
			<array/>
			<key>isa</key>
			<string>PBXGroup</string>
			<key>path</key>
			<string>Tools</string>
			<key>sourceTree</key>
			<string>&lt;group&gt;</string>
		</dict>
		<key>FE4E09A21D977ECD00098BAF</key>
		<dict>
			<key>children</key>
			<array>
				<string>FE4E09A31D977ECD00098BAF</string>
				<string>FE4E09A61D977ECD00098BAF</string>
				<string>FE4E09A71D977ECD00098BAF</string>
			</array>
			<key>isa</key>
			<string>PBXGroup</string>
			<key>path</key>
			<string>Theme - &#19987;&#39064;</string>
			<key>sourceTree</key>
			<string>&lt;group&gt;</string>
		</dict>
		<key>FE4E09A31D977ECD00098BAF</key>
		<dict>
			<key>children</key>
			<array>
				<string>FE4E09A41D977ECD00098BAF</string>
				<string>FE4E09A51D977ECD00098BAF</string>
			</array>
			<key>isa</key>
			<string>PBXGroup</string>
			<key>path</key>
			<string>Controller</string>
			<key>sourceTree</key>
			<string>&lt;group&gt;</string>
		</dict>
		<key>FE4E09A41D977ECD00098BAF</key>
		<dict>
			<key>fileEncoding</key>
			<string>4</string>
			<key>isa</key>
			<string>PBXFileReference</string>
			<key>lastKnownFileType</key>
			<string>sourcecode.c.h</string>
			<key>path</key>
			<string>MJThemeViewController.h</string>
			<key>sourceTree</key>
			<string>&lt;group&gt;</string>
		</dict>
		<key>FE4E09A51D977ECD00098BAF</key>
		<dict>
			<key>fileEncoding</key>
			<string>4</string>
			<key>isa</key>
			<string>PBXFileReference</string>
			<key>lastKnownFileType</key>
			<string>sourcecode.c.objc</string>
			<key>path</key>
			<string>MJThemeViewController.m</string>
			<key>sourceTree</key>
			<string>&lt;group&gt;</string>
		</dict>
		<key>FE4E09A61D977ECD00098BAF</key>
		<dict>
			<key>children</key>
			<array/>
			<key>isa</key>
			<string>PBXGroup</string>
			<key>path</key>
			<string>Model</string>
			<key>sourceTree</key>
			<string>&lt;group&gt;</string>
		</dict>
		<key>FE4E09A71D977ECD00098BAF</key>
		<dict>
			<key>children</key>
			<array/>
			<key>isa</key>
			<string>PBXGroup</string>
			<key>path</key>
			<string>View</string>
			<key>sourceTree</key>
			<string>&lt;group&gt;</string>
		</dict>
		<key>FE4E09A81D977ECD00098BAF</key>
		<dict>
			<key>fileRef</key>
			<string>FE4E098A1D977ECD00098BAF</string>
			<key>isa</key>
			<string>PBXBuildFile</string>
		</dict>
		<key>FE4E09A91D977ECD00098BAF</key>
		<dict>
			<key>fileRef</key>
			<string>FE4E098F1D977ECD00098BAF</string>
			<key>isa</key>
			<string>PBXBuildFile</string>
		</dict>
		<key>FE4E09AA1D977ECD00098BAF</key>
		<dict>
			<key>fileRef</key>
			<string>FE4E09911D977ECD00098BAF</string>
			<key>isa</key>
			<string>PBXBuildFile</string>
		</dict>
		<key>FE4E09AB1D977ECD00098BAF</key>
		<dict>
			<key>fileRef</key>
			<string>FE4E09951D977ECD00098BAF</string>
			<key>isa</key>
			<string>PBXBuildFile</string>
		</dict>
		<key>FE4E09AC1D977ECD00098BAF</key>
		<dict>
			<key>fileRef</key>
			<string>FE4E099B1D977ECD00098BAF</string>
			<key>isa</key>
			<string>PBXBuildFile</string>
		</dict>
		<key>FE4E09AD1D977ECD00098BAF</key>
		<dict>
			<key>fileRef</key>
			<string>FE4E09A51D977ECD00098BAF</string>
			<key>isa</key>
			<string>PBXBuildFile</string>
		</dict>
		<key>FE4E09AE1D977F5900098BAF</key>
		<dict>
			<key>fileEncoding</key>
			<string>4</string>
			<key>isa</key>
			<string>PBXFileReference</string>
			<key>lastKnownFileType</key>
			<string>sourcecode.c.h</string>
			<key>path</key>
			<string>UIImage+MJRenderStyle.h</string>
			<key>sourceTree</key>
			<string>&lt;group&gt;</string>
		</dict>
		<key>FE4E09AF1D977F5900098BAF</key>
		<dict>
			<key>fileEncoding</key>
			<string>4</string>
			<key>isa</key>
			<string>PBXFileReference</string>
			<key>lastKnownFileType</key>
			<string>sourcecode.c.objc</string>
			<key>path</key>
			<string>UIImage+MJRenderStyle.m</string>
			<key>sourceTree</key>
			<string>&lt;group&gt;</string>
		</dict>
		<key>FE4E09B01D977F5900098BAF</key>
		<dict>
			<key>fileRef</key>
			<string>FE4E09AF1D977F5900098BAF</string>
			<key>isa</key>
			<string>PBXBuildFile</string>
		</dict>
		<key>FE4E09B11D97835900098BAF</key>
		<dict>
			<key>fileEncoding</key>
			<string>4</string>
			<key>isa</key>
			<string>PBXFileReference</string>
			<key>lastKnownFileType</key>
			<string>sourcecode.c.h</string>
			<key>path</key>
			<string>NSDate+MJExtension.h</string>
			<key>sourceTree</key>
			<string>&lt;group&gt;</string>
		</dict>
		<key>FE4E09B21D97835900098BAF</key>
		<dict>
			<key>fileEncoding</key>
			<string>4</string>
			<key>isa</key>
			<string>PBXFileReference</string>
			<key>lastKnownFileType</key>
			<string>sourcecode.c.objc</string>
			<key>path</key>
			<string>NSDate+MJExtension.m</string>
			<key>sourceTree</key>
			<string>&lt;group&gt;</string>
		</dict>
		<key>FE4E09B31D97835900098BAF</key>
		<dict>
			<key>fileEncoding</key>
			<string>4</string>
			<key>isa</key>
			<string>PBXFileReference</string>
			<key>lastKnownFileType</key>
			<string>sourcecode.c.h</string>
			<key>path</key>
			<string>UIBarButtonItem+MJBarButtonItem.h</string>
			<key>sourceTree</key>
			<string>&lt;group&gt;</string>
		</dict>
		<key>FE4E09B41D97835900098BAF</key>
		<dict>
			<key>fileEncoding</key>
			<string>4</string>
			<key>isa</key>
			<string>PBXFileReference</string>
			<key>lastKnownFileType</key>
			<string>sourcecode.c.objc</string>
			<key>path</key>
			<string>UIBarButtonItem+MJBarButtonItem.m</string>
			<key>sourceTree</key>
			<string>&lt;group&gt;</string>
		</dict>
		<key>FE4E09B51D97835900098BAF</key>
		<dict>
			<key>fileEncoding</key>
			<string>4</string>
			<key>isa</key>
			<string>PBXFileReference</string>
			<key>lastKnownFileType</key>
			<string>sourcecode.c.h</string>
			<key>path</key>
			<string>UIImage+MJCircleImage.h</string>
			<key>sourceTree</key>
			<string>&lt;group&gt;</string>
		</dict>
		<key>FE4E09B61D97835900098BAF</key>
		<dict>
			<key>fileEncoding</key>
			<string>4</string>
			<key>isa</key>
			<string>PBXFileReference</string>
			<key>lastKnownFileType</key>
			<string>sourcecode.c.objc</string>
			<key>path</key>
			<string>UIImage+MJCircleImage.m</string>
			<key>sourceTree</key>
			<string>&lt;group&gt;</string>
		</dict>
		<key>FE4E09B71D97835900098BAF</key>
		<dict>
			<key>fileEncoding</key>
			<string>4</string>
			<key>isa</key>
			<string>PBXFileReference</string>
			<key>lastKnownFileType</key>
			<string>sourcecode.c.h</string>
			<key>path</key>
			<string>UIImageView+MJHeader.h</string>
			<key>sourceTree</key>
			<string>&lt;group&gt;</string>
		</dict>
		<key>FE4E09B81D97835900098BAF</key>
		<dict>
			<key>fileEncoding</key>
			<string>4</string>
			<key>isa</key>
			<string>PBXFileReference</string>
			<key>lastKnownFileType</key>
			<string>sourcecode.c.objc</string>
			<key>path</key>
			<string>UIImageView+MJHeader.m</string>
			<key>sourceTree</key>
			<string>&lt;group&gt;</string>
		</dict>
		<key>FE4E09B91D97835900098BAF</key>
		<dict>
			<key>fileEncoding</key>
			<string>4</string>
			<key>isa</key>
			<string>PBXFileReference</string>
			<key>lastKnownFileType</key>
			<string>sourcecode.c.h</string>
			<key>path</key>
			<string>UIView+MJframe.h</string>
			<key>sourceTree</key>
			<string>&lt;group&gt;</string>
		</dict>
		<key>FE4E09BA1D97835900098BAF</key>
		<dict>
			<key>fileEncoding</key>
			<string>4</string>
			<key>isa</key>
			<string>PBXFileReference</string>
			<key>lastKnownFileType</key>
			<string>sourcecode.c.objc</string>
			<key>path</key>
			<string>UIView+MJframe.m</string>
			<key>sourceTree</key>
			<string>&lt;group&gt;</string>
		</dict>
		<key>FE4E09BB1D97835900098BAF</key>
		<dict>
			<key>fileRef</key>
			<string>FE4E09B21D97835900098BAF</string>
			<key>isa</key>
			<string>PBXBuildFile</string>
		</dict>
		<key>FE4E09BC1D97835900098BAF</key>
		<dict>
			<key>fileRef</key>
			<string>FE4E09B41D97835900098BAF</string>
			<key>isa</key>
			<string>PBXBuildFile</string>
		</dict>
		<key>FE4E09BD1D97835900098BAF</key>
		<dict>
			<key>fileRef</key>
			<string>FE4E09B61D97835900098BAF</string>
			<key>isa</key>
			<string>PBXBuildFile</string>
		</dict>
		<key>FE4E09BE1D97835900098BAF</key>
		<dict>
			<key>fileRef</key>
			<string>FE4E09B81D97835900098BAF</string>
			<key>isa</key>
			<string>PBXBuildFile</string>
		</dict>
		<key>FE4E09BF1D97835900098BAF</key>
		<dict>
			<key>fileRef</key>
			<string>FE4E09BA1D97835900098BAF</string>
			<key>isa</key>
			<string>PBXBuildFile</string>
		</dict>
		<key>FEF72A931D976315004E57B7</key>
		<dict>
			<key>children</key>
			<array>
				<string>FEF72A9E1D976315004E57B7</string>
				<string>FEF72AB81D976315004E57B7</string>
				<string>FEF72AC31D976315004E57B7</string>
				<string>FEF72A9D1D976315004E57B7</string>
				<string>2A05C01AB543AEAB6FDB69B4</string>
				<string>F9BF9811BA758DCF22CE3657</string>
			</array>
			<key>isa</key>
			<string>PBXGroup</string>
			<key>sourceTree</key>
			<string>&lt;group&gt;</string>
		</dict>
		<key>FEF72A941D976315004E57B7</key>
		<dict>
			<key>attributes</key>
			<dict>
				<key>CLASSPREFIX</key>
				<string>MJ</string>
				<key>LastUpgradeCheck</key>
				<string>0800</string>
				<key>ORGANIZATIONNAME</key>
				<string>&#23385;&#26790;&#32724;</string>
				<key>TargetAttributes</key>
				<dict>
					<key>FEF72A9B1D976315004E57B7</key>
					<dict>
						<key>CreatedOnToolsVersion</key>
						<string>8.0</string>
						<key>DevelopmentTeam</key>
						<string>78HPYMVJHK</string>
						<key>ProvisioningStyle</key>
						<string>Automatic</string>
					</dict>
					<key>FEF72AB41D976315004E57B7</key>
					<dict>
						<key>CreatedOnToolsVersion</key>
						<string>8.0</string>
						<key>DevelopmentTeam</key>
						<string>78HPYMVJHK</string>
						<key>ProvisioningStyle</key>
						<string>Automatic</string>
						<key>TestTargetID</key>
						<string>FEF72A9B1D976315004E57B7</string>
					</dict>
					<key>FEF72ABF1D976315004E57B7</key>
					<dict>
						<key>CreatedOnToolsVersion</key>
						<string>8.0</string>
						<key>DevelopmentTeam</key>
						<string>78HPYMVJHK</string>
						<key>ProvisioningStyle</key>
						<string>Automatic</string>
						<key>TestTargetID</key>
						<string>FEF72A9B1D976315004E57B7</string>
					</dict>
				</dict>
			</dict>
			<key>buildConfigurationList</key>
			<string>FEF72A971D976315004E57B7</string>
			<key>compatibilityVersion</key>
			<string>Xcode 3.2</string>
			<key>developmentRegion</key>
			<string>English</string>
			<key>hasScannedForEncodings</key>
			<string>0</string>
			<key>isa</key>
			<string>PBXProject</string>
			<key>knownRegions</key>
			<array>
				<string>en</string>
				<string>Base</string>
			</array>
			<key>mainGroup</key>
			<string>FEF72A931D976315004E57B7</string>
			<key>productRefGroup</key>
			<string>FEF72A9D1D976315004E57B7</string>
			<key>projectDirPath</key>
			<string></string>
			<key>projectReferences</key>
			<array/>
			<key>projectRoot</key>
			<string></string>
			<key>targets</key>
			<array>
				<string>FEF72A9B1D976315004E57B7</string>
				<string>FEF72AB41D976315004E57B7</string>
				<string>FEF72ABF1D976315004E57B7</string>
			</array>
		</dict>
		<key>FEF72A971D976315004E57B7</key>
		<dict>
			<key>buildConfigurations</key>
			<array>
				<string>FEF72AC71D976315004E57B7</string>
				<string>FEF72AC81D976315004E57B7</string>
			</array>
			<key>defaultConfigurationIsVisible</key>
			<string>0</string>
			<key>defaultConfigurationName</key>
			<string>Release</string>
			<key>isa</key>
			<string>XCConfigurationList</string>
		</dict>
		<key>FEF72A981D976315004E57B7</key>
		<dict>
			<key>buildActionMask</key>
			<string>2147483647</string>
			<key>files</key>
			<array>
				<string>FEF72AA41D976315004E57B7</string>
				<string>FE4E09B01D977F5900098BAF</string>
				<string>FE4E09A81D977ECD00098BAF</string>
				<string>FEF72AA11D976315004E57B7</string>
				<string>FE4E09AD1D977ECD00098BAF</string>
				<string>FE4E09BC1D97835900098BAF</string>
				<string>FE4E09AC1D977ECD00098BAF</string>
				<string>FE4E09BE1D97835900098BAF</string>
				<string>FE4E09AB1D977ECD00098BAF</string>
				<string>FE4E09BB1D97835900098BAF</string>
				<string>FE4E09A91D977ECD00098BAF</string>
				<string>FE4E09BD1D97835900098BAF</string>
				<string>FE4E09AA1D977ECD00098BAF</string>
				<string>FE4E09BF1D97835900098BAF</string>
			</array>
			<key>isa</key>
			<string>PBXSourcesBuildPhase</string>
			<key>runOnlyForDeploymentPostprocessing</key>
			<string>0</string>
		</dict>
		<key>FEF72A991D976315004E57B7</key>
		<dict>
			<key>buildActionMask</key>
			<string>2147483647</string>
			<key>files</key>
			<array>
				<string>49A6C9D4A007881FA3883D5B</string>
			</array>
			<key>isa</key>
			<string>PBXFrameworksBuildPhase</string>
			<key>runOnlyForDeploymentPostprocessing</key>
			<string>0</string>
		</dict>
		<key>FEF72A9A1D976315004E57B7</key>
		<dict>
			<key>buildActionMask</key>
			<string>2147483647</string>
			<key>files</key>
			<array>
				<string>FE4E09591D976AEC00098BAF</string>
				<string>FE4E09581D976AEC00098BAF</string>
				<string>FE4E09571D976AEC00098BAF</string>
				<string>FE4E095D1D976AEC00098BAF</string>
				<string>FE4E095B1D976AEC00098BAF</string>
				<string>FE4E095E1D976AEC00098BAF</string>
				<string>FEF72AAF1D976315004E57B7</string>
				<string>FE4E095C1D976AEC00098BAF</string>
				<string>FEF72AAC1D976315004E57B7</string>
				<string>FE4E095A1D976AEC00098BAF</string>
			</array>
			<key>isa</key>
			<string>PBXResourcesBuildPhase</string>
			<key>runOnlyForDeploymentPostprocessing</key>
			<string>0</string>
		</dict>
		<key>FEF72A9B1D976315004E57B7</key>
		<dict>
			<key>buildConfigurationList</key>
			<string>FEF72AC91D976315004E57B7</string>
			<key>buildPhases</key>
			<array>
				<string>8F33ACE6479907CFF4B95BDC</string>
				<string>FEF72A981D976315004E57B7</string>
				<string>FEF72A991D976315004E57B7</string>
				<string>FEF72A9A1D976315004E57B7</string>
				<string>7C8BF0F2773F94E2F0629637</string>
				<string>E1432ABE40191F86C55D93CF</string>
			</array>
			<key>buildRules</key>
			<array/>
			<key>dependencies</key>
			<array/>
			<key>isa</key>
			<string>PBXNativeTarget</string>
			<key>name</key>
			<string>Floral</string>
			<key>productName</key>
			<string>Floral</string>
			<key>productReference</key>
			<string>FEF72A9C1D976315004E57B7</string>
			<key>productType</key>
			<string>com.apple.product-type.application</string>
		</dict>
		<key>FEF72A9C1D976315004E57B7</key>
		<dict>
			<key>explicitFileType</key>
			<string>wrapper.application</string>
			<key>includeInIndex</key>
			<string>0</string>
			<key>isa</key>
			<string>PBXFileReference</string>
			<key>path</key>
			<string>Floral.app</string>
			<key>sourceTree</key>
			<string>BUILT_PRODUCTS_DIR</string>
		</dict>
		<key>FEF72A9D1D976315004E57B7</key>
		<dict>
			<key>children</key>
			<array>
				<string>FEF72A9C1D976315004E57B7</string>
				<string>FEF72AB51D976315004E57B7</string>
				<string>FEF72AC01D976315004E57B7</string>
			</array>
			<key>isa</key>
			<string>PBXGroup</string>
			<key>name</key>
			<string>Products</string>
			<key>sourceTree</key>
			<string>&lt;group&gt;</string>
		</dict>
		<key>FEF72A9E1D976315004E57B7</key>
		<dict>
			<key>children</key>
			<array>
				<string>FE4E09861D977ECD00098BAF</string>
				<string>FE4E094B1D976AEC00098BAF</string>
				<string>FEF72A9F1D976315004E57B7</string>
			</array>
			<key>isa</key>
			<string>PBXGroup</string>
			<key>path</key>
			<string>Floral</string>
			<key>sourceTree</key>
			<string>&lt;group&gt;</string>
		</dict>
		<key>FEF72A9F1D976315004E57B7</key>
		<dict>
			<key>children</key>
			<array>
				<string>FEF72AA01D976315004E57B7</string>
				<string>FEF72AAD1D976315004E57B7</string>
				<string>FEF72AB01D976315004E57B7</string>
			</array>
			<key>isa</key>
			<string>PBXGroup</string>
			<key>name</key>
			<string>Supporting Files</string>
			<key>sourceTree</key>
			<string>&lt;group&gt;</string>
		</dict>
		<key>FEF72AA01D976315004E57B7</key>
		<dict>
			<key>isa</key>
			<string>PBXFileReference</string>
			<key>lastKnownFileType</key>
			<string>sourcecode.c.objc</string>
			<key>path</key>
			<string>main.m</string>
			<key>sourceTree</key>
			<string>&lt;group&gt;</string>
		</dict>
		<key>FEF72AA11D976315004E57B7</key>
		<dict>
			<key>fileRef</key>
			<string>FEF72AA01D976315004E57B7</string>
			<key>isa</key>
			<string>PBXBuildFile</string>
		</dict>
		<key>FEF72AA21D976315004E57B7</key>
		<dict>
			<key>isa</key>
			<string>PBXFileReference</string>
			<key>lastKnownFileType</key>
			<string>sourcecode.c.h</string>
			<key>name</key>
			<string>AppDelegate.h</string>
			<key>path</key>
			<string>../../../AppDelegate.h</string>
			<key>sourceTree</key>
			<string>&lt;group&gt;</string>
		</dict>
		<key>FEF72AA31D976315004E57B7</key>
		<dict>
			<key>isa</key>
			<string>PBXFileReference</string>
			<key>lastKnownFileType</key>
			<string>sourcecode.c.objc</string>
			<key>name</key>
			<string>AppDelegate.m</string>
			<key>path</key>
			<string>../../../AppDelegate.m</string>
			<key>sourceTree</key>
			<string>&lt;group&gt;</string>
		</dict>
		<key>FEF72AA41D976315004E57B7</key>
		<dict>
			<key>fileRef</key>
			<string>FEF72AA31D976315004E57B7</string>
			<key>isa</key>
			<string>PBXBuildFile</string>
		</dict>
		<key>FEF72AAB1D976315004E57B7</key>
		<dict>
			<key>isa</key>
			<string>PBXFileReference</string>
			<key>lastKnownFileType</key>
			<string>folder.assetcatalog</string>
			<key>name</key>
			<string>Assets.xcassets</string>
			<key>path</key>
			<string>../Assets.xcassets</string>
			<key>sourceTree</key>
			<string>&lt;group&gt;</string>
		</dict>
		<key>FEF72AAC1D976315004E57B7</key>
		<dict>
			<key>fileRef</key>
			<string>FEF72AAB1D976315004E57B7</string>
			<key>isa</key>
			<string>PBXBuildFile</string>
		</dict>
		<key>FEF72AAD1D976315004E57B7</key>
		<dict>
			<key>children</key>
			<array>
				<string>FEF72AAE1D976315004E57B7</string>
			</array>
			<key>isa</key>
			<string>PBXVariantGroup</string>
			<key>name</key>
			<string>LaunchScreen.storyboard</string>
			<key>sourceTree</key>
			<string>&lt;group&gt;</string>
		</dict>
		<key>FEF72AAE1D976315004E57B7</key>
		<dict>
			<key>isa</key>
			<string>PBXFileReference</string>
			<key>lastKnownFileType</key>
			<string>file.storyboard</string>
			<key>name</key>
			<string>Base</string>
			<key>path</key>
			<string>Base.lproj/LaunchScreen.storyboard</string>
			<key>sourceTree</key>
			<string>&lt;group&gt;</string>
		</dict>
		<key>FEF72AAF1D976315004E57B7</key>
		<dict>
			<key>fileRef</key>
			<string>FEF72AAD1D976315004E57B7</string>
			<key>isa</key>
			<string>PBXBuildFile</string>
		</dict>
		<key>FEF72AB01D976315004E57B7</key>
		<dict>
			<key>isa</key>
			<string>PBXFileReference</string>
			<key>lastKnownFileType</key>
			<string>text.plist.xml</string>
			<key>path</key>
			<string>Info.plist</string>
			<key>sourceTree</key>
			<string>&lt;group&gt;</string>
		</dict>
		<key>FEF72AB11D976315004E57B7</key>
		<dict>
			<key>buildActionMask</key>
			<string>2147483647</string>
			<key>files</key>
			<array>
				<string>FEF72ABA1D976315004E57B7</string>
			</array>
			<key>isa</key>
			<string>PBXSourcesBuildPhase</string>
			<key>runOnlyForDeploymentPostprocessing</key>
			<string>0</string>
		</dict>
		<key>FEF72AB21D976315004E57B7</key>
		<dict>
			<key>buildActionMask</key>
			<string>2147483647</string>
			<key>files</key>
			<array/>
			<key>isa</key>
			<string>PBXFrameworksBuildPhase</string>
			<key>runOnlyForDeploymentPostprocessing</key>
			<string>0</string>
		</dict>
		<key>FEF72AB31D976315004E57B7</key>
		<dict>
			<key>buildActionMask</key>
			<string>2147483647</string>
			<key>files</key>
			<array/>
			<key>isa</key>
			<string>PBXResourcesBuildPhase</string>
			<key>runOnlyForDeploymentPostprocessing</key>
			<string>0</string>
		</dict>
		<key>FEF72AB41D976315004E57B7</key>
		<dict>
			<key>buildConfigurationList</key>
			<string>FEF72ACC1D976315004E57B7</string>
			<key>buildPhases</key>
			<array>
				<string>FEF72AB11D976315004E57B7</string>
				<string>FEF72AB21D976315004E57B7</string>
				<string>FEF72AB31D976315004E57B7</string>
			</array>
			<key>buildRules</key>
			<array/>
			<key>dependencies</key>
			<array>
				<string>FEF72AB71D976315004E57B7</string>
			</array>
			<key>isa</key>
			<string>PBXNativeTarget</string>
			<key>name</key>
			<string>FloralTests</string>
			<key>productName</key>
			<string>FloralTests</string>
			<key>productReference</key>
			<string>FEF72AB51D976315004E57B7</string>
			<key>productType</key>
			<string>com.apple.product-type.bundle.unit-test</string>
		</dict>
		<key>FEF72AB51D976315004E57B7</key>
		<dict>
			<key>explicitFileType</key>
			<string>wrapper.cfbundle</string>
			<key>includeInIndex</key>
			<string>0</string>
			<key>isa</key>
			<string>PBXFileReference</string>
			<key>path</key>
			<string>FloralTests.xctest</string>
			<key>sourceTree</key>
			<string>BUILT_PRODUCTS_DIR</string>
		</dict>
		<key>FEF72AB61D976315004E57B7</key>
		<dict>
			<key>containerPortal</key>
			<string>FEF72A941D976315004E57B7</string>
			<key>isa</key>
			<string>PBXContainerItemProxy</string>
			<key>proxyType</key>
			<string>1</string>
			<key>remoteGlobalIDString</key>
			<string>FEF72A9B1D976315004E57B7</string>
			<key>remoteInfo</key>
			<string>Floral</string>
		</dict>
		<key>FEF72AB71D976315004E57B7</key>
		<dict>
			<key>isa</key>
			<string>PBXTargetDependency</string>
			<key>target</key>
			<string>FEF72A9B1D976315004E57B7</string>
			<key>targetProxy</key>
			<string>FEF72AB61D976315004E57B7</string>
		</dict>
		<key>FEF72AB81D976315004E57B7</key>
		<dict>
			<key>children</key>
			<array>
				<string>FEF72AB91D976315004E57B7</string>
				<string>FEF72ABB1D976315004E57B7</string>
			</array>
			<key>isa</key>
			<string>PBXGroup</string>
			<key>path</key>
			<string>FloralTests</string>
			<key>sourceTree</key>
			<string>&lt;group&gt;</string>
		</dict>
		<key>FEF72AB91D976315004E57B7</key>
		<dict>
			<key>isa</key>
			<string>PBXFileReference</string>
			<key>lastKnownFileType</key>
			<string>sourcecode.c.objc</string>
			<key>path</key>
			<string>FloralTests.m</string>
			<key>sourceTree</key>
			<string>&lt;group&gt;</string>
		</dict>
		<key>FEF72ABA1D976315004E57B7</key>
		<dict>
			<key>fileRef</key>
			<string>FEF72AB91D976315004E57B7</string>
			<key>isa</key>
			<string>PBXBuildFile</string>
		</dict>
		<key>FEF72ABB1D976315004E57B7</key>
		<dict>
			<key>isa</key>
			<string>PBXFileReference</string>
			<key>lastKnownFileType</key>
			<string>text.plist.xml</string>
			<key>path</key>
			<string>Info.plist</string>
			<key>sourceTree</key>
			<string>&lt;group&gt;</string>
		</dict>
		<key>FEF72ABC1D976315004E57B7</key>
		<dict>
			<key>buildActionMask</key>
			<string>2147483647</string>
			<key>files</key>
			<array>
				<string>FEF72AC51D976315004E57B7</string>
			</array>
			<key>isa</key>
			<string>PBXSourcesBuildPhase</string>
			<key>runOnlyForDeploymentPostprocessing</key>
			<string>0</string>
		</dict>
		<key>FEF72ABD1D976315004E57B7</key>
		<dict>
			<key>buildActionMask</key>
			<string>2147483647</string>
			<key>files</key>
			<array/>
			<key>isa</key>
			<string>PBXFrameworksBuildPhase</string>
			<key>runOnlyForDeploymentPostprocessing</key>
			<string>0</string>
		</dict>
		<key>FEF72ABE1D976315004E57B7</key>
		<dict>
			<key>buildActionMask</key>
			<string>2147483647</string>
			<key>files</key>
			<array/>
			<key>isa</key>
			<string>PBXResourcesBuildPhase</string>
			<key>runOnlyForDeploymentPostprocessing</key>
			<string>0</string>
		</dict>
		<key>FEF72ABF1D976315004E57B7</key>
		<dict>
			<key>buildConfigurationList</key>
			<string>FEF72ACF1D976315004E57B7</string>
			<key>buildPhases</key>
			<array>
				<string>FEF72ABC1D976315004E57B7</string>
				<string>FEF72ABD1D976315004E57B7</string>
				<string>FEF72ABE1D976315004E57B7</string>
			</array>
			<key>buildRules</key>
			<array/>
			<key>dependencies</key>
			<array>
				<string>FEF72AC21D976315004E57B7</string>
			</array>
			<key>isa</key>
			<string>PBXNativeTarget</string>
			<key>name</key>
			<string>FloralUITests</string>
			<key>productName</key>
			<string>FloralUITests</string>
			<key>productReference</key>
			<string>FEF72AC01D976315004E57B7</string>
			<key>productType</key>
			<string>com.apple.product-type.bundle.ui-testing</string>
		</dict>
		<key>FEF72AC01D976315004E57B7</key>
		<dict>
			<key>explicitFileType</key>
			<string>wrapper.cfbundle</string>
			<key>includeInIndex</key>
			<string>0</string>
			<key>isa</key>
			<string>PBXFileReference</string>
			<key>path</key>
			<string>FloralUITests.xctest</string>
			<key>sourceTree</key>
			<string>BUILT_PRODUCTS_DIR</string>
		</dict>
		<key>FEF72AC11D976315004E57B7</key>
		<dict>
			<key>containerPortal</key>
			<string>FEF72A941D976315004E57B7</string>
			<key>isa</key>
			<string>PBXContainerItemProxy</string>
			<key>proxyType</key>
			<string>1</string>
			<key>remoteGlobalIDString</key>
			<string>FEF72A9B1D976315004E57B7</string>
			<key>remoteInfo</key>
			<string>Floral</string>
		</dict>
		<key>FEF72AC21D976315004E57B7</key>
		<dict>
			<key>isa</key>
			<string>PBXTargetDependency</string>
			<key>target</key>
			<string>FEF72A9B1D976315004E57B7</string>
			<key>targetProxy</key>
			<string>FEF72AC11D976315004E57B7</string>
		</dict>
		<key>FEF72AC31D976315004E57B7</key>
		<dict>
			<key>children</key>
			<array>
				<string>FEF72AC41D976315004E57B7</string>
				<string>FEF72AC61D976315004E57B7</string>
			</array>
			<key>isa</key>
			<string>PBXGroup</string>
			<key>path</key>
			<string>FloralUITests</string>
			<key>sourceTree</key>
			<string>&lt;group&gt;</string>
		</dict>
		<key>FEF72AC41D976315004E57B7</key>
		<dict>
			<key>isa</key>
			<string>PBXFileReference</string>
			<key>lastKnownFileType</key>
			<string>sourcecode.c.objc</string>
			<key>path</key>
			<string>FloralUITests.m</string>
			<key>sourceTree</key>
			<string>&lt;group&gt;</string>
		</dict>
		<key>FEF72AC51D976315004E57B7</key>
		<dict>
			<key>fileRef</key>
			<string>FEF72AC41D976315004E57B7</string>
			<key>isa</key>
			<string>PBXBuildFile</string>
		</dict>
		<key>FEF72AC61D976315004E57B7</key>
		<dict>
			<key>isa</key>
			<string>PBXFileReference</string>
			<key>lastKnownFileType</key>
			<string>text.plist.xml</string>
			<key>path</key>
			<string>Info.plist</string>
			<key>sourceTree</key>
			<string>&lt;group&gt;</string>
		</dict>
		<key>FEF72AC71D976315004E57B7</key>
		<dict>
			<key>buildSettings</key>
			<dict>
				<key>ALWAYS_SEARCH_USER_PATHS</key>
				<string>NO</string>
				<key>CLANG_ANALYZER_NONNULL</key>
				<string>YES</string>
				<key>CLANG_CXX_LANGUAGE_STANDARD</key>
				<string>gnu++0x</string>
				<key>CLANG_CXX_LIBRARY</key>
				<string>libc++</string>
				<key>CLANG_ENABLE_MODULES</key>
				<string>YES</string>
				<key>CLANG_ENABLE_OBJC_ARC</key>
				<string>YES</string>
				<key>CLANG_WARN_BOOL_CONVERSION</key>
				<string>YES</string>
				<key>CLANG_WARN_CONSTANT_CONVERSION</key>
				<string>YES</string>
				<key>CLANG_WARN_DIRECT_OBJC_ISA_USAGE</key>
				<string>YES_ERROR</string>
				<key>CLANG_WARN_DOCUMENTATION_COMMENTS</key>
				<string>YES</string>
				<key>CLANG_WARN_EMPTY_BODY</key>
				<string>YES</string>
				<key>CLANG_WARN_ENUM_CONVERSION</key>
				<string>YES</string>
				<key>CLANG_WARN_INFINITE_RECURSION</key>
				<string>YES</string>
				<key>CLANG_WARN_INT_CONVERSION</key>
				<string>YES</string>
				<key>CLANG_WARN_OBJC_ROOT_CLASS</key>
				<string>YES_ERROR</string>
				<key>CLANG_WARN_SUSPICIOUS_MOVES</key>
				<string>YES</string>
				<key>CLANG_WARN_UNREACHABLE_CODE</key>
				<string>YES</string>
				<key>CLANG_WARN__DUPLICATE_METHOD_MATCH</key>
				<string>YES</string>
				<key>CODE_SIGN_IDENTITY[sdk=iphoneos*]</key>
				<string>iPhone Developer</string>
				<key>COPY_PHASE_STRIP</key>
				<string>NO</string>
				<key>DEBUG_INFORMATION_FORMAT</key>
				<string>dwarf</string>
				<key>ENABLE_STRICT_OBJC_MSGSEND</key>
				<string>YES</string>
				<key>ENABLE_TESTABILITY</key>
				<string>YES</string>
				<key>GCC_C_LANGUAGE_STANDARD</key>
				<string>gnu99</string>
				<key>GCC_DYNAMIC_NO_PIC</key>
				<string>NO</string>
				<key>GCC_NO_COMMON_BLOCKS</key>
				<string>YES</string>
				<key>GCC_OPTIMIZATION_LEVEL</key>
				<string>0</string>
				<key>GCC_PREPROCESSOR_DEFINITIONS</key>
				<array>
					<string>DEBUG=1</string>
					<string>$(inherited)</string>
				</array>
				<key>GCC_WARN_64_TO_32_BIT_CONVERSION</key>
				<string>YES</string>
				<key>GCC_WARN_ABOUT_RETURN_TYPE</key>
				<string>YES_ERROR</string>
				<key>GCC_WARN_UNDECLARED_SELECTOR</key>
				<string>YES</string>
				<key>GCC_WARN_UNINITIALIZED_AUTOS</key>
				<string>YES_AGGRESSIVE</string>
				<key>GCC_WARN_UNUSED_FUNCTION</key>
				<string>YES</string>
				<key>GCC_WARN_UNUSED_VARIABLE</key>
				<string>YES</string>
				<key>IPHONEOS_DEPLOYMENT_TARGET</key>
				<string>8.0</string>
				<key>MTL_ENABLE_DEBUG_INFO</key>
				<string>YES</string>
				<key>ONLY_ACTIVE_ARCH</key>
				<string>YES</string>
				<key>SDKROOT</key>
				<string>iphoneos</string>
				<key>TARGETED_DEVICE_FAMILY</key>
				<string>1,2</string>
			</dict>
			<key>isa</key>
			<string>XCBuildConfiguration</string>
			<key>name</key>
			<string>Debug</string>
		</dict>
		<key>FEF72AC81D976315004E57B7</key>
		<dict>
			<key>buildSettings</key>
			<dict>
				<key>ALWAYS_SEARCH_USER_PATHS</key>
				<string>NO</string>
				<key>CLANG_ANALYZER_NONNULL</key>
				<string>YES</string>
				<key>CLANG_CXX_LANGUAGE_STANDARD</key>
				<string>gnu++0x</string>
				<key>CLANG_CXX_LIBRARY</key>
				<string>libc++</string>
				<key>CLANG_ENABLE_MODULES</key>
				<string>YES</string>
				<key>CLANG_ENABLE_OBJC_ARC</key>
				<string>YES</string>
				<key>CLANG_WARN_BOOL_CONVERSION</key>
				<string>YES</string>
				<key>CLANG_WARN_CONSTANT_CONVERSION</key>
				<string>YES</string>
				<key>CLANG_WARN_DIRECT_OBJC_ISA_USAGE</key>
				<string>YES_ERROR</string>
				<key>CLANG_WARN_DOCUMENTATION_COMMENTS</key>
				<string>YES</string>
				<key>CLANG_WARN_EMPTY_BODY</key>
				<string>YES</string>
				<key>CLANG_WARN_ENUM_CONVERSION</key>
				<string>YES</string>
				<key>CLANG_WARN_INFINITE_RECURSION</key>
				<string>YES</string>
				<key>CLANG_WARN_INT_CONVERSION</key>
				<string>YES</string>
				<key>CLANG_WARN_OBJC_ROOT_CLASS</key>
				<string>YES_ERROR</string>
				<key>CLANG_WARN_SUSPICIOUS_MOVES</key>
				<string>YES</string>
				<key>CLANG_WARN_UNREACHABLE_CODE</key>
				<string>YES</string>
				<key>CLANG_WARN__DUPLICATE_METHOD_MATCH</key>
				<string>YES</string>
				<key>CODE_SIGN_IDENTITY[sdk=iphoneos*]</key>
				<string>iPhone Developer</string>
				<key>COPY_PHASE_STRIP</key>
				<string>NO</string>
				<key>DEBUG_INFORMATION_FORMAT</key>
				<string>dwarf-with-dsym</string>
				<key>ENABLE_NS_ASSERTIONS</key>
				<string>NO</string>
				<key>ENABLE_STRICT_OBJC_MSGSEND</key>
				<string>YES</string>
				<key>GCC_C_LANGUAGE_STANDARD</key>
				<string>gnu99</string>
				<key>GCC_NO_COMMON_BLOCKS</key>
				<string>YES</string>
				<key>GCC_WARN_64_TO_32_BIT_CONVERSION</key>
				<string>YES</string>
				<key>GCC_WARN_ABOUT_RETURN_TYPE</key>
				<string>YES_ERROR</string>
				<key>GCC_WARN_UNDECLARED_SELECTOR</key>
				<string>YES</string>
				<key>GCC_WARN_UNINITIALIZED_AUTOS</key>
				<string>YES_AGGRESSIVE</string>
				<key>GCC_WARN_UNUSED_FUNCTION</key>
				<string>YES</string>
				<key>GCC_WARN_UNUSED_VARIABLE</key>
				<string>YES</string>
				<key>IPHONEOS_DEPLOYMENT_TARGET</key>
				<string>8.0</string>
				<key>MTL_ENABLE_DEBUG_INFO</key>
				<string>NO</string>
				<key>SDKROOT</key>
				<string>iphoneos</string>
				<key>TARGETED_DEVICE_FAMILY</key>
				<string>1,2</string>
				<key>VALIDATE_PRODUCT</key>
				<string>YES</string>
			</dict>
			<key>isa</key>
			<string>XCBuildConfiguration</string>
			<key>name</key>
			<string>Release</string>
		</dict>
		<key>FEF72AC91D976315004E57B7</key>
		<dict>
			<key>buildConfigurations</key>
			<array>
				<string>FEF72ACA1D976315004E57B7</string>
				<string>FEF72ACB1D976315004E57B7</string>
			</array>
			<key>defaultConfigurationIsVisible</key>
			<string>0</string>
			<key>defaultConfigurationName</key>
			<string>Release</string>
			<key>isa</key>
			<string>XCConfigurationList</string>
		</dict>
		<key>FEF72ACA1D976315004E57B7</key>
		<dict>
			<key>baseConfigurationReference</key>
			<string>E11494CDA5B95032783ABA1B</string>
			<key>buildSettings</key>
			<dict>
				<key>ASSETCATALOG_COMPILER_APPICON_NAME</key>
				<string>AppIcon</string>
				<key>DEVELOPMENT_TEAM</key>
				<string>78HPYMVJHK</string>
				<key>INFOPLIST_FILE</key>
				<string>Floral/Info.plist</string>
				<key>LD_RUNPATH_SEARCH_PATHS</key>
				<string>$(inherited) @executable_path/Frameworks</string>
				<key>PRODUCT_BUNDLE_IDENTIFIER</key>
				<string>sunmengxxx.Floral</string>
				<key>PRODUCT_NAME</key>
				<string>$(TARGET_NAME)</string>
				<key>TARGETED_DEVICE_FAMILY</key>
				<string>1</string>
			</dict>
			<key>isa</key>
			<string>XCBuildConfiguration</string>
			<key>name</key>
			<string>Debug</string>
		</dict>
		<key>FEF72ACB1D976315004E57B7</key>
		<dict>
			<key>baseConfigurationReference</key>
			<string>E257BEB60644C0B0CB5EF29B</string>
			<key>buildSettings</key>
			<dict>
				<key>ASSETCATALOG_COMPILER_APPICON_NAME</key>
				<string>AppIcon</string>
				<key>DEVELOPMENT_TEAM</key>
				<string>78HPYMVJHK</string>
				<key>INFOPLIST_FILE</key>
				<string>Floral/Info.plist</string>
				<key>LD_RUNPATH_SEARCH_PATHS</key>
				<string>$(inherited) @executable_path/Frameworks</string>
				<key>PRODUCT_BUNDLE_IDENTIFIER</key>
				<string>sunmengxxx.Floral</string>
				<key>PRODUCT_NAME</key>
				<string>$(TARGET_NAME)</string>
				<key>TARGETED_DEVICE_FAMILY</key>
				<string>1</string>
			</dict>
			<key>isa</key>
			<string>XCBuildConfiguration</string>
			<key>name</key>
			<string>Release</string>
		</dict>
		<key>FEF72ACC1D976315004E57B7</key>
		<dict>
			<key>buildConfigurations</key>
			<array>
				<string>FEF72ACD1D976315004E57B7</string>
				<string>FEF72ACE1D976315004E57B7</string>
			</array>
			<key>defaultConfigurationIsVisible</key>
			<string>0</string>
			<key>defaultConfigurationName</key>
			<string>Release</string>
			<key>isa</key>
			<string>XCConfigurationList</string>
		</dict>
		<key>FEF72ACD1D976315004E57B7</key>
		<dict>
			<key>buildSettings</key>
			<dict>
				<key>BUNDLE_LOADER</key>
				<string>$(TEST_HOST)</string>
				<key>DEVELOPMENT_TEAM</key>
				<string>78HPYMVJHK</string>
				<key>INFOPLIST_FILE</key>
				<string>FloralTests/Info.plist</string>
				<key>LD_RUNPATH_SEARCH_PATHS</key>
				<string>$(inherited) @executable_path/Frameworks @loader_path/Frameworks</string>
				<key>PRODUCT_BUNDLE_IDENTIFIER</key>
				<string>sunmengxxx.FloralTests</string>
				<key>PRODUCT_NAME</key>
				<string>$(TARGET_NAME)</string>
				<key>TEST_HOST</key>
				<string>$(BUILT_PRODUCTS_DIR)/Floral.app/Floral</string>
			</dict>
			<key>isa</key>
			<string>XCBuildConfiguration</string>
			<key>name</key>
			<string>Debug</string>
		</dict>
		<key>FEF72ACE1D976315004E57B7</key>
		<dict>
			<key>buildSettings</key>
			<dict>
				<key>BUNDLE_LOADER</key>
				<string>$(TEST_HOST)</string>
				<key>DEVELOPMENT_TEAM</key>
				<string>78HPYMVJHK</string>
				<key>INFOPLIST_FILE</key>
				<string>FloralTests/Info.plist</string>
				<key>LD_RUNPATH_SEARCH_PATHS</key>
				<string>$(inherited) @executable_path/Frameworks @loader_path/Frameworks</string>
				<key>PRODUCT_BUNDLE_IDENTIFIER</key>
				<string>sunmengxxx.FloralTests</string>
				<key>PRODUCT_NAME</key>
				<string>$(TARGET_NAME)</string>
				<key>TEST_HOST</key>
				<string>$(BUILT_PRODUCTS_DIR)/Floral.app/Floral</string>
			</dict>
			<key>isa</key>
			<string>XCBuildConfiguration</string>
			<key>name</key>
			<string>Release</string>
		</dict>
		<key>FEF72ACF1D976315004E57B7</key>
		<dict>
			<key>buildConfigurations</key>
			<array>
				<string>FEF72AD01D976315004E57B7</string>
				<string>FEF72AD11D976315004E57B7</string>
			</array>
			<key>defaultConfigurationIsVisible</key>
			<string>0</string>
			<key>defaultConfigurationName</key>
			<string>Release</string>
			<key>isa</key>
			<string>XCConfigurationList</string>
		</dict>
		<key>FEF72AD01D976315004E57B7</key>
		<dict>
			<key>buildSettings</key>
			<dict>
				<key>DEVELOPMENT_TEAM</key>
				<string>78HPYMVJHK</string>
				<key>INFOPLIST_FILE</key>
				<string>FloralUITests/Info.plist</string>
				<key>LD_RUNPATH_SEARCH_PATHS</key>
				<string>$(inherited) @executable_path/Frameworks @loader_path/Frameworks</string>
				<key>PRODUCT_BUNDLE_IDENTIFIER</key>
				<string>sunmengxxx.FloralUITests</string>
				<key>PRODUCT_NAME</key>
				<string>$(TARGET_NAME)</string>
				<key>TEST_TARGET_NAME</key>
				<string>Floral</string>
			</dict>
			<key>isa</key>
			<string>XCBuildConfiguration</string>
			<key>name</key>
			<string>Debug</string>
		</dict>
		<key>FEF72AD11D976315004E57B7</key>
		<dict>
			<key>buildSettings</key>
			<dict>
				<key>DEVELOPMENT_TEAM</key>
				<string>78HPYMVJHK</string>
				<key>INFOPLIST_FILE</key>
				<string>FloralUITests/Info.plist</string>
				<key>LD_RUNPATH_SEARCH_PATHS</key>
				<string>$(inherited) @executable_path/Frameworks @loader_path/Frameworks</string>
				<key>PRODUCT_BUNDLE_IDENTIFIER</key>
				<string>sunmengxxx.FloralUITests</string>
				<key>PRODUCT_NAME</key>
				<string>$(TARGET_NAME)</string>
				<key>TEST_TARGET_NAME</key>
				<string>Floral</string>
			</dict>
			<key>isa</key>
			<string>XCBuildConfiguration</string>
			<key>name</key>
			<string>Release</string>
		</dict>
	</dict>
	<key>rootObject</key>
	<string>FEF72A941D976315004E57B7</string>
</dict>
</plist>
