// !$*UTF8*$!
{
	archiveVersion = 1;
	classes = {
	};
	objectVersion = 46;
	objects = {

/* Begin PBXBuildFile section */
		49A6C9D4A007881FA3883D5B /* libPods-Floral.a in Frameworks */ = {isa = PBXBuildFile; fileRef = A42DFA2523BF449F1AB00733 /* libPods-Floral.a */; };
		FE0717811D9C042300AB5607 /* MJCategoryController.m in Sources */ = {isa = PBXBuildFile; fileRef = FE0717801D9C042300AB5607 /* MJCategoryController.m */; };
		FE07178E1D9C0B1000AB5607 /* MJCategoryCell.m in Sources */ = {isa = PBXBuildFile; fileRef = FE07178C1D9C0B1000AB5607 /* MJCategoryCell.m */; };
		FE07178F1D9C0B1000AB5607 /* MJCategoryCell.xib in Resources */ = {isa = PBXBuildFile; fileRef = FE07178D1D9C0B1000AB5607 /* MJCategoryCell.xib */; };
		FE1605471D9CF89200CE4CF8 /* MJThemeSmallCell.m in Sources */ = {isa = PBXBuildFile; fileRef = FE1605451D9CF89200CE4CF8 /* MJThemeSmallCell.m */; };
		FE1605481D9CF89200CE4CF8 /* MJThemeSmallCell.xib in Resources */ = {isa = PBXBuildFile; fileRef = FE1605461D9CF89200CE4CF8 /* MJThemeSmallCell.xib */; };
		FE16056E1D9DFF1F00CE4CF8 /* MJThemeContentController.m in Sources */ = {isa = PBXBuildFile; fileRef = FE16056D1D9DFF1E00CE4CF8 /* MJThemeContentController.m */; };
		FE4E09571D976AEC00098BAF /* CODE BOLD.OTF in Resources */ = {isa = PBXBuildFile; fileRef = FE4E094D1D976AEC00098BAF /* CODE BOLD.OTF */; };
		FE4E09581D976AEC00098BAF /* CODE LIGHT.OTF in Resources */ = {isa = PBXBuildFile; fileRef = FE4E094E1D976AEC00098BAF /* CODE LIGHT.OTF */; };
		FE4E09591D976AEC00098BAF /* FZXQJW_0.TTF in Resources */ = {isa = PBXBuildFile; fileRef = FE4E094F1D976AEC00098BAF /* FZXQJW_0.TTF */; };
		FE4E095A1D976AEC00098BAF /* 方正兰亭纤黑简体.TTF in Resources */ = {isa = PBXBuildFile; fileRef = FE4E09501D976AEC00098BAF /* 方正兰亭纤黑简体.TTF */; };
		FE4E095B1D976AEC00098BAF /* image.js in Resources */ = {isa = PBXBuildFile; fileRef = FE4E09521D976AEC00098BAF /* image.js */; };
		FE4E095C1D976AEC00098BAF /* area.plist in Resources */ = {isa = PBXBuildFile; fileRef = FE4E09541D976AEC00098BAF /* area.plist */; };
		FE4E095D1D976AEC00098BAF /* city.plist in Resources */ = {isa = PBXBuildFile; fileRef = FE4E09551D976AEC00098BAF /* city.plist */; };
		FE4E095E1D976AEC00098BAF /* country.plist in Resources */ = {isa = PBXBuildFile; fileRef = FE4E09561D976AEC00098BAF /* country.plist */; };
		FE4E09A81D977ECD00098BAF /* MJCommunityViewController.m in Sources */ = {isa = PBXBuildFile; fileRef = FE4E098A1D977ECD00098BAF /* MJCommunityViewController.m */; };
		FE4E09A91D977ECD00098BAF /* MJMainNavigationController.m in Sources */ = {isa = PBXBuildFile; fileRef = FE4E098F1D977ECD00098BAF /* MJMainNavigationController.m */; };
		FE4E09AA1D977ECD00098BAF /* MJMainTabBarController.m in Sources */ = {isa = PBXBuildFile; fileRef = FE4E09911D977ECD00098BAF /* MJMainTabBarController.m */; };
		FE4E09AB1D977ECD00098BAF /* MJMallViewController.m in Sources */ = {isa = PBXBuildFile; fileRef = FE4E09951D977ECD00098BAF /* MJMallViewController.m */; };
		FE4E09AC1D977ECD00098BAF /* MJMineViewController.m in Sources */ = {isa = PBXBuildFile; fileRef = FE4E099B1D977ECD00098BAF /* MJMineViewController.m */; };
		FE4E09AD1D977ECD00098BAF /* MJThemeViewController.m in Sources */ = {isa = PBXBuildFile; fileRef = FE4E09A51D977ECD00098BAF /* MJThemeViewController.m */; };
		FE4E09B01D977F5900098BAF /* UIImage+MJRenderStyle.m in Sources */ = {isa = PBXBuildFile; fileRef = FE4E09AF1D977F5900098BAF /* UIImage+MJRenderStyle.m */; };
		FE4E09BB1D97835900098BAF /* NSDate+MJExtension.m in Sources */ = {isa = PBXBuildFile; fileRef = FE4E09B21D97835900098BAF /* NSDate+MJExtension.m */; };
		FE4E09BC1D97835900098BAF /* UIBarButtonItem+MJBarButtonItem.m in Sources */ = {isa = PBXBuildFile; fileRef = FE4E09B41D97835900098BAF /* UIBarButtonItem+MJBarButtonItem.m */; };
		FE4E09BD1D97835900098BAF /* UIImage+MJCircleImage.m in Sources */ = {isa = PBXBuildFile; fileRef = FE4E09B61D97835900098BAF /* UIImage+MJCircleImage.m */; };
		FE4E09BE1D97835900098BAF /* UIImageView+MJHeader.m in Sources */ = {isa = PBXBuildFile; fileRef = FE4E09B81D97835900098BAF /* UIImageView+MJHeader.m */; };
		FE4E09C91D978D7000098BAF /* UIView+MJframe.m in Sources */ = {isa = PBXBuildFile; fileRef = FE4E09C81D978D7000098BAF /* UIView+MJframe.m */; };
		FE6179C61D9BC64700E8AF07 /* MJThemeCategory.m in Sources */ = {isa = PBXBuildFile; fileRef = FE6179C51D9BC64700E8AF07 /* MJThemeCategory.m */; };
		FE6FBB511D9FB2E400A45022 /* MJEssencesAds.m in Sources */ = {isa = PBXBuildFile; fileRef = FE6FBB501D9FB2E400A45022 /* MJEssencesAds.m */; };
		FE755E4C1D9A8ACE0094FF30 /* MJAdsScrollView.m in Sources */ = {isa = PBXBuildFile; fileRef = FE755E4B1D9A8ACE0094FF30 /* MJAdsScrollView.m */; };
		FE755E831D9B583B0094FF30 /* MJEssenViewController.m in Sources */ = {isa = PBXBuildFile; fileRef = FE755E821D9B583B0094FF30 /* MJEssenViewController.m */; };
		FE755E861D9B5FFF0094FF30 /* MJHeadReusableView.m in Sources */ = {isa = PBXBuildFile; fileRef = FE755E851D9B5FFF0094FF30 /* MJHeadReusableView.m */; };
		FE7CD56D1D97A96200965DA1 /* MJOrderButton.m in Sources */ = {isa = PBXBuildFile; fileRef = FE7CD56C1D97A96200965DA1 /* MJOrderButton.m */; };
		FE7CD5701D97AB0300965DA1 /* MJConst.m in Sources */ = {isa = PBXBuildFile; fileRef = FE7CD56F1D97AB0300965DA1 /* MJConst.m */; };
		FE7DFBA41D98FE0800931A00 /* MJCommonAPIConstant.m in Sources */ = {isa = PBXBuildFile; fileRef = FE7DFBA31D98FE0800931A00 /* MJCommonAPIConstant.m */; };
		FEBE80501D996FAC00F6DA4E /* MJLoginViewController.m in Sources */ = {isa = PBXBuildFile; fileRef = FEBE804E1D996FAC00F6DA4E /* MJLoginViewController.m */; };
		FEBE80511D996FAC00F6DA4E /* MJLoginViewController.xib in Resources */ = {isa = PBXBuildFile; fileRef = FEBE804F1D996FAC00F6DA4E /* MJLoginViewController.xib */; };
		FEBE80551D9A155800F6DA4E /* MJRegistViewController.m in Sources */ = {isa = PBXBuildFile; fileRef = FEBE80531D9A155800F6DA4E /* MJRegistViewController.m */; };
		FEBE80581D9A15A300F6DA4E /* MJRegistViewController.xib in Resources */ = {isa = PBXBuildFile; fileRef = FEBE80571D9A15A300F6DA4E /* MJRegistViewController.xib */; };
		FEDE30FE1D9E58C0001FAE1D /* MJArticleViewController.m in Sources */ = {isa = PBXBuildFile; fileRef = FEDE30FD1D9E58C0001FAE1D /* MJArticleViewController.m */; };
		FEDE31011D9E6038001FAE1D /* MJAuthorHeadView.m in Sources */ = {isa = PBXBuildFile; fileRef = FEDE31001D9E6038001FAE1D /* MJAuthorHeadView.m */; };
		FEDE31031D9E6044001FAE1D /* MJAuthorHeadView.xib in Resources */ = {isa = PBXBuildFile; fileRef = FEDE31021D9E6044001FAE1D /* MJAuthorHeadView.xib */; };
		FEE2B0891D98090B009A336F /* UIButton+MJTitleButton.m in Sources */ = {isa = PBXBuildFile; fileRef = FEE2B0881D98090B009A336F /* UIButton+MJTitleButton.m */; };
		FEE2B08C1D9823C0009A336F /* MJHeaderFindView.m in Sources */ = {isa = PBXBuildFile; fileRef = FEE2B08B1D9823C0009A336F /* MJHeaderFindView.m */; };
		FEE2B0CD1D98BAD3009A336F /* MJHeaderFindView.xib in Resources */ = {isa = PBXBuildFile; fileRef = FEE2B0CC1D98BAD3009A336F /* MJHeaderFindView.xib */; };
		FEE2B0D11D98C746009A336F /* MJThemeCell.m in Sources */ = {isa = PBXBuildFile; fileRef = FEE2B0CF1D98C746009A336F /* MJThemeCell.m */; };
		FEE2B0D21D98C746009A336F /* MJThemeCell.xib in Resources */ = {isa = PBXBuildFile; fileRef = FEE2B0D01D98C746009A336F /* MJThemeCell.xib */; };
		FEE2B0D51D98CFF0009A336F /* MJTheme.m in Sources */ = {isa = PBXBuildFile; fileRef = FEE2B0D41D98CFF0009A336F /* MJTheme.m */; };
		FEE2B0D81D98D496009A336F /* MJPerson.m in Sources */ = {isa = PBXBuildFile; fileRef = FEE2B0D71D98D496009A336F /* MJPerson.m */; };
		FEE2B0DB1D98DA14009A336F /* MJNetTools.m in Sources */ = {isa = PBXBuildFile; fileRef = FEE2B0DA1D98DA14009A336F /* MJNetTools.m */; };
		FEF72AA11D976315004E57B7 /* main.m in Sources */ = {isa = PBXBuildFile; fileRef = FEF72AA01D976315004E57B7 /* main.m */; };
		FEF72AA41D976315004E57B7 /* AppDelegate.m in Sources */ = {isa = PBXBuildFile; fileRef = FEF72AA31D976315004E57B7 /* AppDelegate.m */; };
		FEF72AAC1D976315004E57B7 /* Assets.xcassets in Resources */ = {isa = PBXBuildFile; fileRef = FEF72AAB1D976315004E57B7 /* Assets.xcassets */; };
		FEF72AAF1D976315004E57B7 /* LaunchScreen.storyboard in Resources */ = {isa = PBXBuildFile; fileRef = FEF72AAD1D976315004E57B7 /* LaunchScreen.storyboard */; };
		FEF72ABA1D976315004E57B7 /* FloralTests.m in Sources */ = {isa = PBXBuildFile; fileRef = FEF72AB91D976315004E57B7 /* FloralTests.m */; };
		FEF72AC51D976315004E57B7 /* FloralUITests.m in Sources */ = {isa = PBXBuildFile; fileRef = FEF72AC41D976315004E57B7 /* FloralUITests.m */; };
/* End PBXBuildFile section */

/* Begin PBXContainerItemProxy section */
		FEF72AB61D976315004E57B7 /* PBXContainerItemProxy */ = {
			isa = PBXContainerItemProxy;
			containerPortal = FEF72A941D976315004E57B7 /* Project object */;
			proxyType = 1;
			remoteGlobalIDString = FEF72A9B1D976315004E57B7;
			remoteInfo = Floral;
		};
		FEF72AC11D976315004E57B7 /* PBXContainerItemProxy */ = {
			isa = PBXContainerItemProxy;
			containerPortal = FEF72A941D976315004E57B7 /* Project object */;
			proxyType = 1;
			remoteGlobalIDString = FEF72A9B1D976315004E57B7;
			remoteInfo = Floral;
		};
/* End PBXContainerItemProxy section */

/* Begin PBXFileReference section */
		A42DFA2523BF449F1AB00733 /* libPods-Floral.a */ = {isa = PBXFileReference; explicitFileType = archive.ar; includeInIndex = 0; path = "libPods-Floral.a"; sourceTree = BUILT_PRODUCTS_DIR; };
		E11494CDA5B95032783ABA1B /* Pods-Floral.debug.xcconfig */ = {isa = PBXFileReference; includeInIndex = 1; lastKnownFileType = text.xcconfig; name = "Pods-Floral.debug.xcconfig"; path = "Pods/Target Support Files/Pods-Floral/Pods-Floral.debug.xcconfig"; sourceTree = "<group>"; };
		E257BEB60644C0B0CB5EF29B /* Pods-Floral.release.xcconfig */ = {isa = PBXFileReference; includeInIndex = 1; lastKnownFileType = text.xcconfig; name = "Pods-Floral.release.xcconfig"; path = "Pods/Target Support Files/Pods-Floral/Pods-Floral.release.xcconfig"; sourceTree = "<group>"; };
		FE07177F1D9C042300AB5607 /* MJCategoryController.h */ = {isa = PBXFileReference; fileEncoding = 4; lastKnownFileType = sourcecode.c.h; path = MJCategoryController.h; sourceTree = "<group>"; };
		FE0717801D9C042300AB5607 /* MJCategoryController.m */ = {isa = PBXFileReference; fileEncoding = 4; lastKnownFileType = sourcecode.c.objc; path = MJCategoryController.m; sourceTree = "<group>"; };
		FE07178B1D9C0B1000AB5607 /* MJCategoryCell.h */ = {isa = PBXFileReference; fileEncoding = 4; lastKnownFileType = sourcecode.c.h; path = MJCategoryCell.h; sourceTree = "<group>"; };
		FE07178C1D9C0B1000AB5607 /* MJCategoryCell.m */ = {isa = PBXFileReference; fileEncoding = 4; lastKnownFileType = sourcecode.c.objc; path = MJCategoryCell.m; sourceTree = "<group>"; };
		FE07178D1D9C0B1000AB5607 /* MJCategoryCell.xib */ = {isa = PBXFileReference; fileEncoding = 4; lastKnownFileType = file.xib; path = MJCategoryCell.xib; sourceTree = "<group>"; };
		FE1605441D9CF89200CE4CF8 /* MJThemeSmallCell.h */ = {isa = PBXFileReference; fileEncoding = 4; lastKnownFileType = sourcecode.c.h; path = MJThemeSmallCell.h; sourceTree = "<group>"; };
		FE1605451D9CF89200CE4CF8 /* MJThemeSmallCell.m */ = {isa = PBXFileReference; fileEncoding = 4; lastKnownFileType = sourcecode.c.objc; path = MJThemeSmallCell.m; sourceTree = "<group>"; };
		FE1605461D9CF89200CE4CF8 /* MJThemeSmallCell.xib */ = {isa = PBXFileReference; fileEncoding = 4; lastKnownFileType = file.xib; path = MJThemeSmallCell.xib; sourceTree = "<group>"; };
		FE16056C1D9DFF1E00CE4CF8 /* MJThemeContentController.h */ = {isa = PBXFileReference; fileEncoding = 4; lastKnownFileType = sourcecode.c.h; path = MJThemeContentController.h; sourceTree = "<group>"; };
		FE16056D1D9DFF1E00CE4CF8 /* MJThemeContentController.m */ = {isa = PBXFileReference; fileEncoding = 4; lastKnownFileType = sourcecode.c.objc; path = MJThemeContentController.m; sourceTree = "<group>"; };
		FE4E094D1D976AEC00098BAF /* CODE BOLD.OTF */ = {isa = PBXFileReference; lastKnownFileType = file; path = "CODE BOLD.OTF"; sourceTree = "<group>"; };
		FE4E094E1D976AEC00098BAF /* CODE LIGHT.OTF */ = {isa = PBXFileReference; lastKnownFileType = file; path = "CODE LIGHT.OTF"; sourceTree = "<group>"; };
		FE4E094F1D976AEC00098BAF /* FZXQJW_0.TTF */ = {isa = PBXFileReference; lastKnownFileType = file; path = FZXQJW_0.TTF; sourceTree = "<group>"; };
		FE4E09501D976AEC00098BAF /* 方正兰亭纤黑简体.TTF */ = {isa = PBXFileReference; lastKnownFileType = file; path = "方正兰亭纤黑简体.TTF"; sourceTree = "<group>"; };
		FE4E09521D976AEC00098BAF /* image.js */ = {isa = PBXFileReference; fileEncoding = 4; lastKnownFileType = sourcecode.javascript; path = image.js; sourceTree = "<group>"; };
		FE4E09541D976AEC00098BAF /* area.plist */ = {isa = PBXFileReference; lastKnownFileType = file.bplist; path = area.plist; sourceTree = "<group>"; };
		FE4E09551D976AEC00098BAF /* city.plist */ = {isa = PBXFileReference; lastKnownFileType = file.bplist; path = city.plist; sourceTree = "<group>"; };
		FE4E09561D976AEC00098BAF /* country.plist */ = {isa = PBXFileReference; lastKnownFileType = file.bplist; path = country.plist; sourceTree = "<group>"; };
		FE4E09891D977ECD00098BAF /* MJCommunityViewController.h */ = {isa = PBXFileReference; fileEncoding = 4; lastKnownFileType = sourcecode.c.h; path = MJCommunityViewController.h; sourceTree = "<group>"; };
		FE4E098A1D977ECD00098BAF /* MJCommunityViewController.m */ = {isa = PBXFileReference; fileEncoding = 4; lastKnownFileType = sourcecode.c.objc; path = MJCommunityViewController.m; sourceTree = "<group>"; };
		FE4E098E1D977ECD00098BAF /* MJMainNavigationController.h */ = {isa = PBXFileReference; fileEncoding = 4; lastKnownFileType = sourcecode.c.h; path = MJMainNavigationController.h; sourceTree = "<group>"; };
		FE4E098F1D977ECD00098BAF /* MJMainNavigationController.m */ = {isa = PBXFileReference; fileEncoding = 4; lastKnownFileType = sourcecode.c.objc; path = MJMainNavigationController.m; sourceTree = "<group>"; };
		FE4E09901D977ECD00098BAF /* MJMainTabBarController.h */ = {isa = PBXFileReference; fileEncoding = 4; lastKnownFileType = sourcecode.c.h; path = MJMainTabBarController.h; sourceTree = "<group>"; };
		FE4E09911D977ECD00098BAF /* MJMainTabBarController.m */ = {isa = PBXFileReference; fileEncoding = 4; lastKnownFileType = sourcecode.c.objc; path = MJMainTabBarController.m; sourceTree = "<group>"; };
		FE4E09941D977ECD00098BAF /* MJMallViewController.h */ = {isa = PBXFileReference; fileEncoding = 4; lastKnownFileType = sourcecode.c.h; path = MJMallViewController.h; sourceTree = "<group>"; };
		FE4E09951D977ECD00098BAF /* MJMallViewController.m */ = {isa = PBXFileReference; fileEncoding = 4; lastKnownFileType = sourcecode.c.objc; path = MJMallViewController.m; sourceTree = "<group>"; };
		FE4E099A1D977ECD00098BAF /* MJMineViewController.h */ = {isa = PBXFileReference; fileEncoding = 4; lastKnownFileType = sourcecode.c.h; path = MJMineViewController.h; sourceTree = "<group>"; };
		FE4E099B1D977ECD00098BAF /* MJMineViewController.m */ = {isa = PBXFileReference; fileEncoding = 4; lastKnownFileType = sourcecode.c.objc; path = MJMineViewController.m; sourceTree = "<group>"; };
		FE4E09A41D977ECD00098BAF /* MJThemeViewController.h */ = {isa = PBXFileReference; fileEncoding = 4; lastKnownFileType = sourcecode.c.h; path = MJThemeViewController.h; sourceTree = "<group>"; };
		FE4E09A51D977ECD00098BAF /* MJThemeViewController.m */ = {isa = PBXFileReference; fileEncoding = 4; lastKnownFileType = sourcecode.c.objc; path = MJThemeViewController.m; sourceTree = "<group>"; };
		FE4E09AE1D977F5900098BAF /* UIImage+MJRenderStyle.h */ = {isa = PBXFileReference; fileEncoding = 4; lastKnownFileType = sourcecode.c.h; path = "UIImage+MJRenderStyle.h"; sourceTree = "<group>"; };
		FE4E09AF1D977F5900098BAF /* UIImage+MJRenderStyle.m */ = {isa = PBXFileReference; fileEncoding = 4; lastKnownFileType = sourcecode.c.objc; path = "UIImage+MJRenderStyle.m"; sourceTree = "<group>"; };
		FE4E09B11D97835900098BAF /* NSDate+MJExtension.h */ = {isa = PBXFileReference; fileEncoding = 4; lastKnownFileType = sourcecode.c.h; path = "NSDate+MJExtension.h"; sourceTree = "<group>"; };
		FE4E09B21D97835900098BAF /* NSDate+MJExtension.m */ = {isa = PBXFileReference; fileEncoding = 4; lastKnownFileType = sourcecode.c.objc; path = "NSDate+MJExtension.m"; sourceTree = "<group>"; };
		FE4E09B31D97835900098BAF /* UIBarButtonItem+MJBarButtonItem.h */ = {isa = PBXFileReference; fileEncoding = 4; lastKnownFileType = sourcecode.c.h; path = "UIBarButtonItem+MJBarButtonItem.h"; sourceTree = "<group>"; };
		FE4E09B41D97835900098BAF /* UIBarButtonItem+MJBarButtonItem.m */ = {isa = PBXFileReference; fileEncoding = 4; lastKnownFileType = sourcecode.c.objc; path = "UIBarButtonItem+MJBarButtonItem.m"; sourceTree = "<group>"; };
		FE4E09B51D97835900098BAF /* UIImage+MJCircleImage.h */ = {isa = PBXFileReference; fileEncoding = 4; lastKnownFileType = sourcecode.c.h; path = "UIImage+MJCircleImage.h"; sourceTree = "<group>"; };
		FE4E09B61D97835900098BAF /* UIImage+MJCircleImage.m */ = {isa = PBXFileReference; fileEncoding = 4; lastKnownFileType = sourcecode.c.objc; path = "UIImage+MJCircleImage.m"; sourceTree = "<group>"; };
		FE4E09B71D97835900098BAF /* UIImageView+MJHeader.h */ = {isa = PBXFileReference; fileEncoding = 4; lastKnownFileType = sourcecode.c.h; path = "UIImageView+MJHeader.h"; sourceTree = "<group>"; };
		FE4E09B81D97835900098BAF /* UIImageView+MJHeader.m */ = {isa = PBXFileReference; fileEncoding = 4; lastKnownFileType = sourcecode.c.objc; path = "UIImageView+MJHeader.m"; sourceTree = "<group>"; };
		FE4E09C71D978D7000098BAF /* UIView+MJframe.h */ = {isa = PBXFileReference; fileEncoding = 4; lastKnownFileType = sourcecode.c.h; path = "UIView+MJframe.h"; sourceTree = "<group>"; };
		FE4E09C81D978D7000098BAF /* UIView+MJframe.m */ = {isa = PBXFileReference; fileEncoding = 4; lastKnownFileType = sourcecode.c.objc; path = "UIView+MJframe.m"; sourceTree = "<group>"; };
		FE6179C41D9BC64700E8AF07 /* MJThemeCategory.h */ = {isa = PBXFileReference; fileEncoding = 4; lastKnownFileType = sourcecode.c.h; path = MJThemeCategory.h; sourceTree = "<group>"; };
		FE6179C51D9BC64700E8AF07 /* MJThemeCategory.m */ = {isa = PBXFileReference; fileEncoding = 4; lastKnownFileType = sourcecode.c.objc; path = MJThemeCategory.m; sourceTree = "<group>"; };
		FE6FBB4F1D9FB2E400A45022 /* MJEssencesAds.h */ = {isa = PBXFileReference; fileEncoding = 4; lastKnownFileType = sourcecode.c.h; path = MJEssencesAds.h; sourceTree = "<group>"; };
		FE6FBB501D9FB2E400A45022 /* MJEssencesAds.m */ = {isa = PBXFileReference; fileEncoding = 4; lastKnownFileType = sourcecode.c.objc; path = MJEssencesAds.m; sourceTree = "<group>"; };
		FE755E4A1D9A8ACE0094FF30 /* MJAdsScrollView.h */ = {isa = PBXFileReference; fileEncoding = 4; lastKnownFileType = sourcecode.c.h; path = MJAdsScrollView.h; sourceTree = "<group>"; };
		FE755E4B1D9A8ACE0094FF30 /* MJAdsScrollView.m */ = {isa = PBXFileReference; fileEncoding = 4; lastKnownFileType = sourcecode.c.objc; path = MJAdsScrollView.m; sourceTree = "<group>"; };
		FE755E811D9B583B0094FF30 /* MJEssenViewController.h */ = {isa = PBXFileReference; fileEncoding = 4; lastKnownFileType = sourcecode.c.h; path = MJEssenViewController.h; sourceTree = "<group>"; };
		FE755E821D9B583B0094FF30 /* MJEssenViewController.m */ = {isa = PBXFileReference; fileEncoding = 4; lastKnownFileType = sourcecode.c.objc; path = MJEssenViewController.m; sourceTree = "<group>"; };
		FE755E841D9B5FFF0094FF30 /* MJHeadReusableView.h */ = {isa = PBXFileReference; fileEncoding = 4; lastKnownFileType = sourcecode.c.h; name = MJHeadReusableView.h; path = ../Controller/MJHeadReusableView.h; sourceTree = "<group>"; };
		FE755E851D9B5FFF0094FF30 /* MJHeadReusableView.m */ = {isa = PBXFileReference; fileEncoding = 4; lastKnownFileType = sourcecode.c.objc; name = MJHeadReusableView.m; path = ../Controller/MJHeadReusableView.m; sourceTree = "<group>"; };
		FE7CD56A1D9790A500965DA1 /* PrefixHeader.pch */ = {isa = PBXFileReference; fileEncoding = 4; lastKnownFileType = sourcecode.c.h; name = PrefixHeader.pch; path = "Floral/Classes/Others - 工具类/Others/PrefixHeader.pch"; sourceTree = SOURCE_ROOT; };
		FE7CD56B1D97A96200965DA1 /* MJOrderButton.h */ = {isa = PBXFileReference; fileEncoding = 4; lastKnownFileType = sourcecode.c.h; name = MJOrderButton.h; path = "../../Theme - 专题/View/MJOrderButton.h"; sourceTree = "<group>"; };
		FE7CD56C1D97A96200965DA1 /* MJOrderButton.m */ = {isa = PBXFileReference; fileEncoding = 4; lastKnownFileType = sourcecode.c.objc; name = MJOrderButton.m; path = "../../Theme - 专题/View/MJOrderButton.m"; sourceTree = "<group>"; };
		FE7CD56E1D97AB0300965DA1 /* MJConst.h */ = {isa = PBXFileReference; fileEncoding = 4; lastKnownFileType = sourcecode.c.h; name = MJConst.h; path = "Floral/Classes/Theme - 专题/View/MJConst.h"; sourceTree = SOURCE_ROOT; };
		FE7CD56F1D97AB0300965DA1 /* MJConst.m */ = {isa = PBXFileReference; fileEncoding = 4; lastKnownFileType = sourcecode.c.objc; name = MJConst.m; path = "Floral/Classes/Theme - 专题/View/MJConst.m"; sourceTree = SOURCE_ROOT; };
		FE7DFBA21D98FE0800931A00 /* MJCommonAPIConstant.h */ = {isa = PBXFileReference; fileEncoding = 4; lastKnownFileType = sourcecode.c.h; path = MJCommonAPIConstant.h; sourceTree = "<group>"; };
		FE7DFBA31D98FE0800931A00 /* MJCommonAPIConstant.m */ = {isa = PBXFileReference; fileEncoding = 4; lastKnownFileType = sourcecode.c.objc; path = MJCommonAPIConstant.m; sourceTree = "<group>"; };
		FEBE804D1D996FAC00F6DA4E /* MJLoginViewController.h */ = {isa = PBXFileReference; fileEncoding = 4; lastKnownFileType = sourcecode.c.h; path = MJLoginViewController.h; sourceTree = "<group>"; };
		FEBE804E1D996FAC00F6DA4E /* MJLoginViewController.m */ = {isa = PBXFileReference; fileEncoding = 4; lastKnownFileType = sourcecode.c.objc; path = MJLoginViewController.m; sourceTree = "<group>"; };
		FEBE804F1D996FAC00F6DA4E /* MJLoginViewController.xib */ = {isa = PBXFileReference; fileEncoding = 4; lastKnownFileType = file.xib; path = MJLoginViewController.xib; sourceTree = "<group>"; };
		FEBE80521D9A155800F6DA4E /* MJRegistViewController.h */ = {isa = PBXFileReference; fileEncoding = 4; lastKnownFileType = sourcecode.c.h; path = MJRegistViewController.h; sourceTree = "<group>"; };
		FEBE80531D9A155800F6DA4E /* MJRegistViewController.m */ = {isa = PBXFileReference; fileEncoding = 4; lastKnownFileType = sourcecode.c.objc; path = MJRegistViewController.m; sourceTree = "<group>"; };
		FEBE80571D9A15A300F6DA4E /* MJRegistViewController.xib */ = {isa = PBXFileReference; fileEncoding = 4; lastKnownFileType = file.xib; path = MJRegistViewController.xib; sourceTree = "<group>"; };
		FEDE30FC1D9E58C0001FAE1D /* MJArticleViewController.h */ = {isa = PBXFileReference; fileEncoding = 4; lastKnownFileType = sourcecode.c.h; path = MJArticleViewController.h; sourceTree = "<group>"; };
		FEDE30FD1D9E58C0001FAE1D /* MJArticleViewController.m */ = {isa = PBXFileReference; fileEncoding = 4; lastKnownFileType = sourcecode.c.objc; path = MJArticleViewController.m; sourceTree = "<group>"; };
		FEDE30FF1D9E6038001FAE1D /* MJAuthorHeadView.h */ = {isa = PBXFileReference; fileEncoding = 4; lastKnownFileType = sourcecode.c.h; path = MJAuthorHeadView.h; sourceTree = "<group>"; };
		FEDE31001D9E6038001FAE1D /* MJAuthorHeadView.m */ = {isa = PBXFileReference; fileEncoding = 4; lastKnownFileType = sourcecode.c.objc; path = MJAuthorHeadView.m; sourceTree = "<group>"; };
		FEDE31021D9E6044001FAE1D /* MJAuthorHeadView.xib */ = {isa = PBXFileReference; fileEncoding = 4; lastKnownFileType = file.xib; path = MJAuthorHeadView.xib; sourceTree = "<group>"; };
		FEE2B0871D98090B009A336F /* UIButton+MJTitleButton.h */ = {isa = PBXFileReference; fileEncoding = 4; lastKnownFileType = sourcecode.c.h; path = "UIButton+MJTitleButton.h"; sourceTree = "<group>"; };
		FEE2B0881D98090B009A336F /* UIButton+MJTitleButton.m */ = {isa = PBXFileReference; fileEncoding = 4; lastKnownFileType = sourcecode.c.objc; path = "UIButton+MJTitleButton.m"; sourceTree = "<group>"; };
		FEE2B08A1D9823C0009A336F /* MJHeaderFindView.h */ = {isa = PBXFileReference; fileEncoding = 4; lastKnownFileType = sourcecode.c.h; path = MJHeaderFindView.h; sourceTree = "<group>"; };
		FEE2B08B1D9823C0009A336F /* MJHeaderFindView.m */ = {isa = PBXFileReference; fileEncoding = 4; lastKnownFileType = sourcecode.c.objc; path = MJHeaderFindView.m; sourceTree = "<group>"; };
		FEE2B0CC1D98BAD3009A336F /* MJHeaderFindView.xib */ = {isa = PBXFileReference; fileEncoding = 4; lastKnownFileType = file.xib; path = MJHeaderFindView.xib; sourceTree = "<group>"; };
		FEE2B0CE1D98C746009A336F /* MJThemeCell.h */ = {isa = PBXFileReference; fileEncoding = 4; lastKnownFileType = sourcecode.c.h; path = MJThemeCell.h; sourceTree = "<group>"; };
		FEE2B0CF1D98C746009A336F /* MJThemeCell.m */ = {isa = PBXFileReference; fileEncoding = 4; lastKnownFileType = sourcecode.c.objc; path = MJThemeCell.m; sourceTree = "<group>"; };
		FEE2B0D01D98C746009A336F /* MJThemeCell.xib */ = {isa = PBXFileReference; fileEncoding = 4; lastKnownFileType = file.xib; path = MJThemeCell.xib; sourceTree = "<group>"; };
		FEE2B0D31D98CFF0009A336F /* MJTheme.h */ = {isa = PBXFileReference; fileEncoding = 4; lastKnownFileType = sourcecode.c.h; path = MJTheme.h; sourceTree = "<group>"; };
		FEE2B0D41D98CFF0009A336F /* MJTheme.m */ = {isa = PBXFileReference; fileEncoding = 4; lastKnownFileType = sourcecode.c.objc; path = MJTheme.m; sourceTree = "<group>"; };
		FEE2B0D61D98D495009A336F /* MJPerson.h */ = {isa = PBXFileReference; fileEncoding = 4; lastKnownFileType = sourcecode.c.h; path = MJPerson.h; sourceTree = "<group>"; };
		FEE2B0D71D98D496009A336F /* MJPerson.m */ = {isa = PBXFileReference; fileEncoding = 4; lastKnownFileType = sourcecode.c.objc; path = MJPerson.m; sourceTree = "<group>"; };
		FEE2B0D91D98DA14009A336F /* MJNetTools.h */ = {isa = PBXFileReference; fileEncoding = 4; lastKnownFileType = sourcecode.c.h; path = MJNetTools.h; sourceTree = "<group>"; };
		FEE2B0DA1D98DA14009A336F /* MJNetTools.m */ = {isa = PBXFileReference; fileEncoding = 4; lastKnownFileType = sourcecode.c.objc; path = MJNetTools.m; sourceTree = "<group>"; };
		FEF72A9C1D976315004E57B7 /* 轮播图.app */ = {isa = PBXFileReference; explicitFileType = wrapper.application; includeInIndex = 0; path = "轮播图.app"; sourceTree = BUILT_PRODUCTS_DIR; };
		FEF72AA01D976315004E57B7 /* main.m */ = {isa = PBXFileReference; lastKnownFileType = sourcecode.c.objc; path = main.m; sourceTree = "<group>"; };
		FEF72AA21D976315004E57B7 /* AppDelegate.h */ = {isa = PBXFileReference; lastKnownFileType = sourcecode.c.h; name = AppDelegate.h; path = ../../../AppDelegate.h; sourceTree = "<group>"; };
		FEF72AA31D976315004E57B7 /* AppDelegate.m */ = {isa = PBXFileReference; lastKnownFileType = sourcecode.c.objc; name = AppDelegate.m; path = ../../../AppDelegate.m; sourceTree = "<group>"; };
		FEF72AAB1D976315004E57B7 /* Assets.xcassets */ = {isa = PBXFileReference; lastKnownFileType = folder.assetcatalog; name = Assets.xcassets; path = ../Assets.xcassets; sourceTree = "<group>"; };
		FEF72AAE1D976315004E57B7 /* Base */ = {isa = PBXFileReference; lastKnownFileType = file.storyboard; name = Base; path = Base.lproj/LaunchScreen.storyboard; sourceTree = "<group>"; };
		FEF72AB01D976315004E57B7 /* Info.plist */ = {isa = PBXFileReference; lastKnownFileType = text.plist.xml; path = Info.plist; sourceTree = "<group>"; };
		FEF72AB51D976315004E57B7 /* FloralTests.xctest */ = {isa = PBXFileReference; explicitFileType = wrapper.cfbundle; includeInIndex = 0; path = FloralTests.xctest; sourceTree = BUILT_PRODUCTS_DIR; };
		FEF72AB91D976315004E57B7 /* FloralTests.m */ = {isa = PBXFileReference; lastKnownFileType = sourcecode.c.objc; path = FloralTests.m; sourceTree = "<group>"; };
		FEF72ABB1D976315004E57B7 /* Info.plist */ = {isa = PBXFileReference; lastKnownFileType = text.plist.xml; path = Info.plist; sourceTree = "<group>"; };
		FEF72AC01D976315004E57B7 /* FloralUITests.xctest */ = {isa = PBXFileReference; explicitFileType = wrapper.cfbundle; includeInIndex = 0; path = FloralUITests.xctest; sourceTree = BUILT_PRODUCTS_DIR; };
		FEF72AC41D976315004E57B7 /* FloralUITests.m */ = {isa = PBXFileReference; lastKnownFileType = sourcecode.c.objc; path = FloralUITests.m; sourceTree = "<group>"; };
		FEF72AC61D976315004E57B7 /* Info.plist */ = {isa = PBXFileReference; lastKnownFileType = text.plist.xml; path = Info.plist; sourceTree = "<group>"; };
/* End PBXFileReference section */

/* Begin PBXFrameworksBuildPhase section */
		FEF72A991D976315004E57B7 /* Frameworks */ = {
			isa = PBXFrameworksBuildPhase;
			buildActionMask = 2147483647;
			files = (
				49A6C9D4A007881FA3883D5B /* libPods-Floral.a in Frameworks */,
			);
			runOnlyForDeploymentPostprocessing = 0;
		};
		FEF72AB21D976315004E57B7 /* Frameworks */ = {
			isa = PBXFrameworksBuildPhase;
			buildActionMask = 2147483647;
			files = (
			);
			runOnlyForDeploymentPostprocessing = 0;
		};
		FEF72ABD1D976315004E57B7 /* Frameworks */ = {
			isa = PBXFrameworksBuildPhase;
			buildActionMask = 2147483647;
			files = (
			);
			runOnlyForDeploymentPostprocessing = 0;
		};
/* End PBXFrameworksBuildPhase section */

/* Begin PBXGroup section */
		2A05C01AB543AEAB6FDB69B4 /* Pods */ = {
			isa = PBXGroup;
			children = (
				E11494CDA5B95032783ABA1B /* Pods-Floral.debug.xcconfig */,
				E257BEB60644C0B0CB5EF29B /* Pods-Floral.release.xcconfig */,
			);
			name = Pods;
			sourceTree = "<group>";
		};
		F9BF9811BA758DCF22CE3657 /* Frameworks */ = {
			isa = PBXGroup;
			children = (
				A42DFA2523BF449F1AB00733 /* libPods-Floral.a */,
			);
			name = Frameworks;
			sourceTree = "<group>";
		};
		FE4E094B1D976AEC00098BAF /* Resources */ = {
			isa = PBXGroup;
			children = (
				FEF72AAB1D976315004E57B7 /* Assets.xcassets */,
				FE4E094C1D976AEC00098BAF /* font */,
				FE4E09511D976AEC00098BAF /* js */,
				FE4E09531D976AEC00098BAF /* plist */,
			);
			path = Resources;
			sourceTree = "<group>";
		};
		FE4E094C1D976AEC00098BAF /* font */ = {
			isa = PBXGroup;
			children = (
				FE4E094D1D976AEC00098BAF /* CODE BOLD.OTF */,
				FE4E094E1D976AEC00098BAF /* CODE LIGHT.OTF */,
				FE4E094F1D976AEC00098BAF /* FZXQJW_0.TTF */,
				FE4E09501D976AEC00098BAF /* 方正兰亭纤黑简体.TTF */,
			);
			path = font;
			sourceTree = "<group>";
		};
		FE4E09511D976AEC00098BAF /* js */ = {
			isa = PBXGroup;
			children = (
				FE4E09521D976AEC00098BAF /* image.js */,
			);
			path = js;
			sourceTree = "<group>";
		};
		FE4E09531D976AEC00098BAF /* plist */ = {
			isa = PBXGroup;
			children = (
				FE4E09541D976AEC00098BAF /* area.plist */,
				FE4E09551D976AEC00098BAF /* city.plist */,
				FE4E09561D976AEC00098BAF /* country.plist */,
			);
			path = plist;
			sourceTree = "<group>";
		};
		FE4E09861D977ECD00098BAF /* Classes */ = {
			isa = PBXGroup;
			children = (
				FE4E099E1D977ECD00098BAF /* Others - 工具类 */,
				FE4E098D1D977ECD00098BAF /* Main - 主要 */,
				FE4E09A21D977ECD00098BAF /* Theme - 专题 */,
				FE4E09871D977ECD00098BAF /* Community - 社区 */,
				FE4E09921D977ECD00098BAF /* Mall - 商城 */,
				FE4E09981D977ECD00098BAF /* Mine - 我的 */,
			);
			path = Classes;
			sourceTree = "<group>";
		};
		FE4E09871D977ECD00098BAF /* Community - 社区 */ = {
			isa = PBXGroup;
			children = (
				FE4E09881D977ECD00098BAF /* Controller */,
				FE4E098B1D977ECD00098BAF /* Model */,
				FE4E098C1D977ECD00098BAF /* View */,
			);
			path = "Community - 社区";
			sourceTree = "<group>";
		};
		FE4E09881D977ECD00098BAF /* Controller */ = {
			isa = PBXGroup;
			children = (
				FE4E09891D977ECD00098BAF /* MJCommunityViewController.h */,
				FE4E098A1D977ECD00098BAF /* MJCommunityViewController.m */,
				FE755E811D9B583B0094FF30 /* MJEssenViewController.h */,
				FE755E821D9B583B0094FF30 /* MJEssenViewController.m */,
			);
			path = Controller;
			sourceTree = "<group>";
		};
		FE4E098B1D977ECD00098BAF /* Model */ = {
			isa = PBXGroup;
			children = (
				FE6FBB4F1D9FB2E400A45022 /* MJEssencesAds.h */,
				FE6FBB501D9FB2E400A45022 /* MJEssencesAds.m */,
			);
			path = Model;
			sourceTree = "<group>";
		};
		FE4E098C1D977ECD00098BAF /* View */ = {
			isa = PBXGroup;
			children = (
				FE755E841D9B5FFF0094FF30 /* MJHeadReusableView.h */,
				FE755E851D9B5FFF0094FF30 /* MJHeadReusableView.m */,
			);
			path = View;
			sourceTree = "<group>";
		};
		FE4E098D1D977ECD00098BAF /* Main - 主要 */ = {
			isa = PBXGroup;
			children = (
				FE4E098E1D977ECD00098BAF /* MJMainNavigationController.h */,
				FE4E098F1D977ECD00098BAF /* MJMainNavigationController.m */,
				FE4E09901D977ECD00098BAF /* MJMainTabBarController.h */,
				FE4E09911D977ECD00098BAF /* MJMainTabBarController.m */,
			);
			path = "Main - 主要";
			sourceTree = "<group>";
		};
		FE4E09921D977ECD00098BAF /* Mall - 商城 */ = {
			isa = PBXGroup;
			children = (
				FE4E09931D977ECD00098BAF /* Controller */,
				FE4E09961D977ECD00098BAF /* Model */,
				FE4E09971D977ECD00098BAF /* View */,
			);
			path = "Mall - 商城";
			sourceTree = "<group>";
		};
		FE4E09931D977ECD00098BAF /* Controller */ = {
			isa = PBXGroup;
			children = (
				FE4E09941D977ECD00098BAF /* MJMallViewController.h */,
				FE4E09951D977ECD00098BAF /* MJMallViewController.m */,
			);
			path = Controller;
			sourceTree = "<group>";
		};
		FE4E09961D977ECD00098BAF /* Model */ = {
			isa = PBXGroup;
			children = (
			);
			path = Model;
			sourceTree = "<group>";
		};
		FE4E09971D977ECD00098BAF /* View */ = {
			isa = PBXGroup;
			children = (
			);
			path = View;
			sourceTree = "<group>";
		};
		FE4E09981D977ECD00098BAF /* Mine - 我的 */ = {
			isa = PBXGroup;
			children = (
				FEBE804C1D996F9200F6DA4E /* Login */,
				FE4E09991D977ECD00098BAF /* Controller */,
				FE4E099C1D977ECD00098BAF /* Model */,
				FE4E099D1D977ECD00098BAF /* View */,
			);
			path = "Mine - 我的";
			sourceTree = "<group>";
		};
		FE4E09991D977ECD00098BAF /* Controller */ = {
			isa = PBXGroup;
			children = (
				FE4E099A1D977ECD00098BAF /* MJMineViewController.h */,
				FE4E099B1D977ECD00098BAF /* MJMineViewController.m */,
			);
			path = Controller;
			sourceTree = "<group>";
		};
		FE4E099C1D977ECD00098BAF /* Model */ = {
			isa = PBXGroup;
			children = (
			);
			path = Model;
			sourceTree = "<group>";
		};
		FE4E099D1D977ECD00098BAF /* View */ = {
			isa = PBXGroup;
			children = (
			);
			path = View;
			sourceTree = "<group>";
		};
		FE4E099E1D977ECD00098BAF /* Others - 工具类 */ = {
			isa = PBXGroup;
			children = (
				FE4E099F1D977ECD00098BAF /* Category */,
				FE4E09A01D977ECD00098BAF /* Delegate */,
				FE4E09A11D977ECD00098BAF /* Tools */,
				FE4E09C01D978C5300098BAF /* Others */,
			);
			path = "Others - 工具类";
			sourceTree = "<group>";
		};
		FE4E099F1D977ECD00098BAF /* Category */ = {
			isa = PBXGroup;
			children = (
				FE4E09C71D978D7000098BAF /* UIView+MJframe.h */,
				FE4E09C81D978D7000098BAF /* UIView+MJframe.m */,
				FE4E09B11D97835900098BAF /* NSDate+MJExtension.h */,
				FE4E09B21D97835900098BAF /* NSDate+MJExtension.m */,
				FE4E09B31D97835900098BAF /* UIBarButtonItem+MJBarButtonItem.h */,
				FE4E09B41D97835900098BAF /* UIBarButtonItem+MJBarButtonItem.m */,
				FE4E09B51D97835900098BAF /* UIImage+MJCircleImage.h */,
				FE4E09B61D97835900098BAF /* UIImage+MJCircleImage.m */,
				FE4E09B71D97835900098BAF /* UIImageView+MJHeader.h */,
				FE4E09B81D97835900098BAF /* UIImageView+MJHeader.m */,
				FE4E09AE1D977F5900098BAF /* UIImage+MJRenderStyle.h */,
				FE4E09AF1D977F5900098BAF /* UIImage+MJRenderStyle.m */,
				FEE2B0871D98090B009A336F /* UIButton+MJTitleButton.h */,
				FEE2B0881D98090B009A336F /* UIButton+MJTitleButton.m */,
			);
			path = Category;
			sourceTree = "<group>";
		};
		FE4E09A01D977ECD00098BAF /* Delegate */ = {
			isa = PBXGroup;
			children = (
				FEF72AA21D976315004E57B7 /* AppDelegate.h */,
				FEF72AA31D976315004E57B7 /* AppDelegate.m */,
			);
			path = Delegate;
			sourceTree = "<group>";
		};
		FE4E09A11D977ECD00098BAF /* Tools */ = {
			isa = PBXGroup;
			children = (
				FE7CD56B1D97A96200965DA1 /* MJOrderButton.h */,
				FE7CD56C1D97A96200965DA1 /* MJOrderButton.m */,
				FE755E4A1D9A8ACE0094FF30 /* MJAdsScrollView.h */,
				FE755E4B1D9A8ACE0094FF30 /* MJAdsScrollView.m */,
				FEE2B0D91D98DA14009A336F /* MJNetTools.h */,
				FEE2B0DA1D98DA14009A336F /* MJNetTools.m */,
				FE7DFBA21D98FE0800931A00 /* MJCommonAPIConstant.h */,
				FE7DFBA31D98FE0800931A00 /* MJCommonAPIConstant.m */,
			);
			path = Tools;
			sourceTree = "<group>";
		};
		FE4E09A21D977ECD00098BAF /* Theme - 专题 */ = {
			isa = PBXGroup;
			children = (
				FE4E09A31D977ECD00098BAF /* Controller */,
				FE4E09A61D977ECD00098BAF /* Model */,
				FE4E09A71D977ECD00098BAF /* View */,
			);
			path = "Theme - 专题";
			sourceTree = "<group>";
		};
		FE4E09A31D977ECD00098BAF /* Controller */ = {
			isa = PBXGroup;
			children = (
				FE4E09A41D977ECD00098BAF /* MJThemeViewController.h */,
				FE4E09A51D977ECD00098BAF /* MJThemeViewController.m */,
				FE16056C1D9DFF1E00CE4CF8 /* MJThemeContentController.h */,
				FE16056D1D9DFF1E00CE4CF8 /* MJThemeContentController.m */,
				FE07177F1D9C042300AB5607 /* MJCategoryController.h */,
				FE0717801D9C042300AB5607 /* MJCategoryController.m */,
				FEDE30FC1D9E58C0001FAE1D /* MJArticleViewController.h */,
				FEDE30FD1D9E58C0001FAE1D /* MJArticleViewController.m */,
			);
			path = Controller;
			sourceTree = "<group>";
		};
		FE4E09A61D977ECD00098BAF /* Model */ = {
			isa = PBXGroup;
			children = (
				FEE2B0D31D98CFF0009A336F /* MJTheme.h */,
				FEE2B0D41D98CFF0009A336F /* MJTheme.m */,
				FEE2B0D61D98D495009A336F /* MJPerson.h */,
				FEE2B0D71D98D496009A336F /* MJPerson.m */,
				FE6179C41D9BC64700E8AF07 /* MJThemeCategory.h */,
				FE6179C51D9BC64700E8AF07 /* MJThemeCategory.m */,
			);
			path = Model;
			sourceTree = "<group>";
		};
		FE4E09A71D977ECD00098BAF /* View */ = {
			isa = PBXGroup;
			children = (
				FEE2B08A1D9823C0009A336F /* MJHeaderFindView.h */,
				FEE2B08B1D9823C0009A336F /* MJHeaderFindView.m */,
				FEE2B0CC1D98BAD3009A336F /* MJHeaderFindView.xib */,
				FEE2B0CE1D98C746009A336F /* MJThemeCell.h */,
				FEE2B0CF1D98C746009A336F /* MJThemeCell.m */,
				FEE2B0D01D98C746009A336F /* MJThemeCell.xib */,
				FE1605441D9CF89200CE4CF8 /* MJThemeSmallCell.h */,
				FE1605451D9CF89200CE4CF8 /* MJThemeSmallCell.m */,
				FE1605461D9CF89200CE4CF8 /* MJThemeSmallCell.xib */,
				FE07178B1D9C0B1000AB5607 /* MJCategoryCell.h */,
				FE07178C1D9C0B1000AB5607 /* MJCategoryCell.m */,
				FE07178D1D9C0B1000AB5607 /* MJCategoryCell.xib */,
				FEDE30FF1D9E6038001FAE1D /* MJAuthorHeadView.h */,
				FEDE31001D9E6038001FAE1D /* MJAuthorHeadView.m */,
				FEDE31021D9E6044001FAE1D /* MJAuthorHeadView.xib */,
			);
			path = View;
			sourceTree = "<group>";
		};
		FE4E09C01D978C5300098BAF /* Others */ = {
			isa = PBXGroup;
			children = (
				FE7CD56A1D9790A500965DA1 /* PrefixHeader.pch */,
				FE7CD56E1D97AB0300965DA1 /* MJConst.h */,
				FE7CD56F1D97AB0300965DA1 /* MJConst.m */,
			);
			name = Others;
			path = Tools/Others;
			sourceTree = "<group>";
		};
		FEBE804C1D996F9200F6DA4E /* Login */ = {
			isa = PBXGroup;
			children = (
				FEBE804D1D996FAC00F6DA4E /* MJLoginViewController.h */,
				FEBE804E1D996FAC00F6DA4E /* MJLoginViewController.m */,
				FEBE804F1D996FAC00F6DA4E /* MJLoginViewController.xib */,
				FEBE80521D9A155800F6DA4E /* MJRegistViewController.h */,
				FEBE80531D9A155800F6DA4E /* MJRegistViewController.m */,
				FEBE80571D9A15A300F6DA4E /* MJRegistViewController.xib */,
			);
			path = Login;
			sourceTree = "<group>";
		};
		FEF72A931D976315004E57B7 = {
			isa = PBXGroup;
			children = (
				FEF72A9E1D976315004E57B7 /* Floral */,
				FEF72AB81D976315004E57B7 /* FloralTests */,
				FEF72AC31D976315004E57B7 /* FloralUITests */,
				FEF72A9D1D976315004E57B7 /* Products */,
				2A05C01AB543AEAB6FDB69B4 /* Pods */,
				F9BF9811BA758DCF22CE3657 /* Frameworks */,
			);
			sourceTree = "<group>";
		};
		FEF72A9D1D976315004E57B7 /* Products */ = {
			isa = PBXGroup;
			children = (
				FEF72A9C1D976315004E57B7 /* 轮播图.app */,
				FEF72AB51D976315004E57B7 /* FloralTests.xctest */,
				FEF72AC01D976315004E57B7 /* FloralUITests.xctest */,
			);
			name = Products;
			sourceTree = "<group>";
		};
		FEF72A9E1D976315004E57B7 /* Floral */ = {
			isa = PBXGroup;
			children = (
				FE4E09861D977ECD00098BAF /* Classes */,
				FE4E094B1D976AEC00098BAF /* Resources */,
				FEF72A9F1D976315004E57B7 /* Supporting Files */,
			);
			path = Floral;
			sourceTree = "<group>";
		};
		FEF72A9F1D976315004E57B7 /* Supporting Files */ = {
			isa = PBXGroup;
			children = (
				FEF72AA01D976315004E57B7 /* main.m */,
				FEF72AAD1D976315004E57B7 /* LaunchScreen.storyboard */,
				FEF72AB01D976315004E57B7 /* Info.plist */,
			);
			name = "Supporting Files";
			sourceTree = "<group>";
		};
		FEF72AB81D976315004E57B7 /* FloralTests */ = {
			isa = PBXGroup;
			children = (
				FEF72AB91D976315004E57B7 /* FloralTests.m */,
				FEF72ABB1D976315004E57B7 /* Info.plist */,
			);
			path = FloralTests;
			sourceTree = "<group>";
		};
		FEF72AC31D976315004E57B7 /* FloralUITests */ = {
			isa = PBXGroup;
			children = (
				FEF72AC41D976315004E57B7 /* FloralUITests.m */,
				FEF72AC61D976315004E57B7 /* Info.plist */,
			);
			path = FloralUITests;
			sourceTree = "<group>";
		};
/* End PBXGroup section */

/* Begin PBXNativeTarget section */
		FEF72A9B1D976315004E57B7 /* Floral */ = {
			isa = PBXNativeTarget;
			buildConfigurationList = FEF72AC91D976315004E57B7 /* Build configuration list for PBXNativeTarget "Floral" */;
			buildPhases = (
				8F33ACE6479907CFF4B95BDC /* [CP] Check Pods Manifest.lock */,
				FEF72A981D976315004E57B7 /* Sources */,
				FEF72A991D976315004E57B7 /* Frameworks */,
				FEF72A9A1D976315004E57B7 /* Resources */,
				7C8BF0F2773F94E2F0629637 /* [CP] Embed Pods Frameworks */,
				E1432ABE40191F86C55D93CF /* [CP] Copy Pods Resources */,
			);
			buildRules = (
			);
			dependencies = (
			);
			name = Floral;
			productName = Floral;
			productReference = FEF72A9C1D976315004E57B7 /* 轮播图.app */;
			productType = "com.apple.product-type.application";
		};
		FEF72AB41D976315004E57B7 /* FloralTests */ = {
			isa = PBXNativeTarget;
			buildConfigurationList = FEF72ACC1D976315004E57B7 /* Build configuration list for PBXNativeTarget "FloralTests" */;
			buildPhases = (
				FEF72AB11D976315004E57B7 /* Sources */,
				FEF72AB21D976315004E57B7 /* Frameworks */,
				FEF72AB31D976315004E57B7 /* Resources */,
			);
			buildRules = (
			);
			dependencies = (
				FEF72AB71D976315004E57B7 /* PBXTargetDependency */,
			);
			name = FloralTests;
			productName = FloralTests;
			productReference = FEF72AB51D976315004E57B7 /* FloralTests.xctest */;
			productType = "com.apple.product-type.bundle.unit-test";
		};
		FEF72ABF1D976315004E57B7 /* FloralUITests */ = {
			isa = PBXNativeTarget;
			buildConfigurationList = FEF72ACF1D976315004E57B7 /* Build configuration list for PBXNativeTarget "FloralUITests" */;
			buildPhases = (
				FEF72ABC1D976315004E57B7 /* Sources */,
				FEF72ABD1D976315004E57B7 /* Frameworks */,
				FEF72ABE1D976315004E57B7 /* Resources */,
			);
			buildRules = (
			);
			dependencies = (
				FEF72AC21D976315004E57B7 /* PBXTargetDependency */,
			);
			name = FloralUITests;
			productName = FloralUITests;
			productReference = FEF72AC01D976315004E57B7 /* FloralUITests.xctest */;
			productType = "com.apple.product-type.bundle.ui-testing";
		};
/* End PBXNativeTarget section */

/* Begin PBXProject section */
		FEF72A941D976315004E57B7 /* Project object */ = {
			isa = PBXProject;
			attributes = {
				CLASSPREFIX = MJ;
				LastUpgradeCheck = 0800;
				ORGANIZATIONNAME = "孙梦翔";
				TargetAttributes = {
					FEF72A9B1D976315004E57B7 = {
						CreatedOnToolsVersion = 8.0;
						DevelopmentTeam = TW9TZZPMCS;
						ProvisioningStyle = Automatic;
						SystemCapabilities = {
							com.apple.BackgroundModes = {
								enabled = 1;
							};
						};
					};
					FEF72AB41D976315004E57B7 = {
						CreatedOnToolsVersion = 8.0;
						DevelopmentTeam = 78HPYMVJHK;
						ProvisioningStyle = Automatic;
						TestTargetID = FEF72A9B1D976315004E57B7;
					};
					FEF72ABF1D976315004E57B7 = {
						CreatedOnToolsVersion = 8.0;
						DevelopmentTeam = 78HPYMVJHK;
						ProvisioningStyle = Automatic;
						TestTargetID = FEF72A9B1D976315004E57B7;
					};
				};
			};
			buildConfigurationList = FEF72A971D976315004E57B7 /* Build configuration list for PBXProject "Floral" */;
			compatibilityVersion = "Xcode 3.2";
			developmentRegion = English;
			hasScannedForEncodings = 0;
			knownRegions = (
				en,
				Base,
			);
			mainGroup = FEF72A931D976315004E57B7;
			productRefGroup = FEF72A9D1D976315004E57B7 /* Products */;
			projectDirPath = "";
			projectRoot = "";
			targets = (
				FEF72A9B1D976315004E57B7 /* Floral */,
				FEF72AB41D976315004E57B7 /* FloralTests */,
				FEF72ABF1D976315004E57B7 /* FloralUITests */,
			);
		};
/* End PBXProject section */

/* Begin PBXResourcesBuildPhase section */
		FEF72A9A1D976315004E57B7 /* Resources */ = {
			isa = PBXResourcesBuildPhase;
			buildActionMask = 2147483647;
			files = (
				FE4E09591D976AEC00098BAF /* FZXQJW_0.TTF in Resources */,
				FE4E09581D976AEC00098BAF /* CODE LIGHT.OTF in Resources */,
				FE4E09571D976AEC00098BAF /* CODE BOLD.OTF in Resources */,
				FE4E095D1D976AEC00098BAF /* city.plist in Resources */,
				FEE2B0CD1D98BAD3009A336F /* MJHeaderFindView.xib in Resources */,
				FEBE80511D996FAC00F6DA4E /* MJLoginViewController.xib in Resources */,
				FEDE31031D9E6044001FAE1D /* MJAuthorHeadView.xib in Resources */,
				FE4E095B1D976AEC00098BAF /* image.js in Resources */,
				FEE2B0D21D98C746009A336F /* MJThemeCell.xib in Resources */,
				FE4E095E1D976AEC00098BAF /* country.plist in Resources */,
				FE07178F1D9C0B1000AB5607 /* MJCategoryCell.xib in Resources */,
				FE1605481D9CF89200CE4CF8 /* MJThemeSmallCell.xib in Resources */,
				FEF72AAF1D976315004E57B7 /* LaunchScreen.storyboard in Resources */,
				FE4E095C1D976AEC00098BAF /* area.plist in Resources */,
				FEBE80581D9A15A300F6DA4E /* MJRegistViewController.xib in Resources */,
				FEF72AAC1D976315004E57B7 /* Assets.xcassets in Resources */,
				FE4E095A1D976AEC00098BAF /* 方正兰亭纤黑简体.TTF in Resources */,
			);
			runOnlyForDeploymentPostprocessing = 0;
		};
		FEF72AB31D976315004E57B7 /* Resources */ = {
			isa = PBXResourcesBuildPhase;
			buildActionMask = 2147483647;
			files = (
			);
			runOnlyForDeploymentPostprocessing = 0;
		};
		FEF72ABE1D976315004E57B7 /* Resources */ = {
			isa = PBXResourcesBuildPhase;
			buildActionMask = 2147483647;
			files = (
			);
			runOnlyForDeploymentPostprocessing = 0;
		};
/* End PBXResourcesBuildPhase section */

/* Begin PBXShellScriptBuildPhase section */
		7C8BF0F2773F94E2F0629637 /* [CP] Embed Pods Frameworks */ = {
			isa = PBXShellScriptBuildPhase;
			buildActionMask = 2147483647;
			files = (
			);
			inputPaths = (
			);
			name = "[CP] Embed Pods Frameworks";
			outputPaths = (
			);
			runOnlyForDeploymentPostprocessing = 0;
			shellPath = /bin/sh;
			shellScript = "\"${SRCROOT}/Pods/Target Support Files/Pods-Floral/Pods-Floral-frameworks.sh\"\n";
			showEnvVarsInLog = 0;
		};
		8F33ACE6479907CFF4B95BDC /* [CP] Check Pods Manifest.lock */ = {
			isa = PBXShellScriptBuildPhase;
			buildActionMask = 2147483647;
			files = (
			);
			inputPaths = (
			);
			name = "[CP] Check Pods Manifest.lock";
			outputPaths = (
			);
			runOnlyForDeploymentPostprocessing = 0;
			shellPath = /bin/sh;
			shellScript = "diff \"${PODS_ROOT}/../Podfile.lock\" \"${PODS_ROOT}/Manifest.lock\" > /dev/null\nif [[ $? != 0 ]] ; then\n    cat << EOM\nerror: The sandbox is not in sync with the Podfile.lock. Run 'pod install' or update your CocoaPods installation.\nEOM\n    exit 1\nfi\n";
			showEnvVarsInLog = 0;
		};
		E1432ABE40191F86C55D93CF /* [CP] Copy Pods Resources */ = {
			isa = PBXShellScriptBuildPhase;
			buildActionMask = 2147483647;
			files = (
			);
			inputPaths = (
			);
			name = "[CP] Copy Pods Resources";
			outputPaths = (
			);
			runOnlyForDeploymentPostprocessing = 0;
			shellPath = /bin/sh;
			shellScript = "\"${SRCROOT}/Pods/Target Support Files/Pods-Floral/Pods-Floral-resources.sh\"\n";
			showEnvVarsInLog = 0;
		};
/* End PBXShellScriptBuildPhase section */

/* Begin PBXSourcesBuildPhase section */
		FEF72A981D976315004E57B7 /* Sources */ = {
			isa = PBXSourcesBuildPhase;
			buildActionMask = 2147483647;
			files = (
				FE7CD56D1D97A96200965DA1 /* MJOrderButton.m in Sources */,
				FE755E4C1D9A8ACE0094FF30 /* MJAdsScrollView.m in Sources */,
				FEF72AA41D976315004E57B7 /* AppDelegate.m in Sources */,
				FEE2B0D81D98D496009A336F /* MJPerson.m in Sources */,
				FEE2B0D51D98CFF0009A336F /* MJTheme.m in Sources */,
				FE755E861D9B5FFF0094FF30 /* MJHeadReusableView.m in Sources */,
				FE7CD5701D97AB0300965DA1 /* MJConst.m in Sources */,
				FEE2B08C1D9823C0009A336F /* MJHeaderFindView.m in Sources */,
				FE4E09B01D977F5900098BAF /* UIImage+MJRenderStyle.m in Sources */,
				FEE2B0D11D98C746009A336F /* MJThemeCell.m in Sources */,
				FE1605471D9CF89200CE4CF8 /* MJThemeSmallCell.m in Sources */,
				FEE2B0891D98090B009A336F /* UIButton+MJTitleButton.m in Sources */,
				FE7DFBA41D98FE0800931A00 /* MJCommonAPIConstant.m in Sources */,
				FE755E831D9B583B0094FF30 /* MJEssenViewController.m in Sources */,
				FEBE80551D9A155800F6DA4E /* MJRegistViewController.m in Sources */,
				FE07178E1D9C0B1000AB5607 /* MJCategoryCell.m in Sources */,
				FE4E09A81D977ECD00098BAF /* MJCommunityViewController.m in Sources */,
				FEF72AA11D976315004E57B7 /* main.m in Sources */,
				FE4E09AD1D977ECD00098BAF /* MJThemeViewController.m in Sources */,
				FE6179C61D9BC64700E8AF07 /* MJThemeCategory.m in Sources */,
				FEBE80501D996FAC00F6DA4E /* MJLoginViewController.m in Sources */,
				FE4E09BC1D97835900098BAF /* UIBarButtonItem+MJBarButtonItem.m in Sources */,
				FE4E09AC1D977ECD00098BAF /* MJMineViewController.m in Sources */,
				FE16056E1D9DFF1F00CE4CF8 /* MJThemeContentController.m in Sources */,
				FE4E09BE1D97835900098BAF /* UIImageView+MJHeader.m in Sources */,
				FE4E09AB1D977ECD00098BAF /* MJMallViewController.m in Sources */,
				FE4E09BB1D97835900098BAF /* NSDate+MJExtension.m in Sources */,
				FE4E09A91D977ECD00098BAF /* MJMainNavigationController.m in Sources */,
				FE4E09BD1D97835900098BAF /* UIImage+MJCircleImage.m in Sources */,
				FE4E09AA1D977ECD00098BAF /* MJMainTabBarController.m in Sources */,
				FE6FBB511D9FB2E400A45022 /* MJEssencesAds.m in Sources */,
				FEDE31011D9E6038001FAE1D /* MJAuthorHeadView.m in Sources */,
				FEDE30FE1D9E58C0001FAE1D /* MJArticleViewController.m in Sources */,
				FE0717811D9C042300AB5607 /* MJCategoryController.m in Sources */,
				FE4E09C91D978D7000098BAF /* UIView+MJframe.m in Sources */,
				FEE2B0DB1D98DA14009A336F /* MJNetTools.m in Sources */,
			);
			runOnlyForDeploymentPostprocessing = 0;
		};
		FEF72AB11D976315004E57B7 /* Sources */ = {
			isa = PBXSourcesBuildPhase;
			buildActionMask = 2147483647;
			files = (
				FEF72ABA1D976315004E57B7 /* FloralTests.m in Sources */,
			);
			runOnlyForDeploymentPostprocessing = 0;
		};
		FEF72ABC1D976315004E57B7 /* Sources */ = {
			isa = PBXSourcesBuildPhase;
			buildActionMask = 2147483647;
			files = (
				FEF72AC51D976315004E57B7 /* FloralUITests.m in Sources */,
			);
			runOnlyForDeploymentPostprocessing = 0;
		};
/* End PBXSourcesBuildPhase section */

/* Begin PBXTargetDependency section */
		FEF72AB71D976315004E57B7 /* PBXTargetDependency */ = {
			isa = PBXTargetDependency;
			target = FEF72A9B1D976315004E57B7 /* Floral */;
			targetProxy = FEF72AB61D976315004E57B7 /* PBXContainerItemProxy */;
		};
		FEF72AC21D976315004E57B7 /* PBXTargetDependency */ = {
			isa = PBXTargetDependency;
			target = FEF72A9B1D976315004E57B7 /* Floral */;
			targetProxy = FEF72AC11D976315004E57B7 /* PBXContainerItemProxy */;
		};
/* End PBXTargetDependency section */

/* Begin PBXVariantGroup section */
		FEF72AAD1D976315004E57B7 /* LaunchScreen.storyboard */ = {
			isa = PBXVariantGroup;
			children = (
				FEF72AAE1D976315004E57B7 /* Base */,
			);
			name = LaunchScreen.storyboard;
			sourceTree = "<group>";
		};
/* End PBXVariantGroup section */

/* Begin XCBuildConfiguration section */
		FEF72AC71D976315004E57B7 /* Debug */ = {
			isa = XCBuildConfiguration;
			buildSettings = {
				ALWAYS_SEARCH_USER_PATHS = NO;
				CLANG_ANALYZER_NONNULL = YES;
				CLANG_CXX_LANGUAGE_STANDARD = "gnu++0x";
				CLANG_CXX_LIBRARY = "libc++";
				CLANG_ENABLE_MODULES = YES;
				CLANG_ENABLE_OBJC_ARC = YES;
				CLANG_WARN_BOOL_CONVERSION = YES;
				CLANG_WARN_CONSTANT_CONVERSION = YES;
				CLANG_WARN_DIRECT_OBJC_ISA_USAGE = YES_ERROR;
				CLANG_WARN_DOCUMENTATION_COMMENTS = YES;
				CLANG_WARN_EMPTY_BODY = YES;
				CLANG_WARN_ENUM_CONVERSION = YES;
				CLANG_WARN_INFINITE_RECURSION = YES;
				CLANG_WARN_INT_CONVERSION = YES;
				CLANG_WARN_OBJC_ROOT_CLASS = YES_ERROR;
				CLANG_WARN_SUSPICIOUS_MOVES = YES;
				CLANG_WARN_UNREACHABLE_CODE = YES;
				CLANG_WARN__DUPLICATE_METHOD_MATCH = YES;
				"CODE_SIGN_IDENTITY[sdk=iphoneos*]" = "iPhone Developer";
				COPY_PHASE_STRIP = NO;
				DEBUG_INFORMATION_FORMAT = dwarf;
				ENABLE_STRICT_OBJC_MSGSEND = YES;
				ENABLE_TESTABILITY = YES;
				GCC_C_LANGUAGE_STANDARD = gnu99;
				GCC_DYNAMIC_NO_PIC = NO;
				GCC_NO_COMMON_BLOCKS = YES;
				GCC_OPTIMIZATION_LEVEL = 0;
				GCC_PREPROCESSOR_DEFINITIONS = (
					"DEBUG=1",
					"$(inherited)",
				);
				GCC_WARN_64_TO_32_BIT_CONVERSION = YES;
				GCC_WARN_ABOUT_RETURN_TYPE = YES_ERROR;
				GCC_WARN_UNDECLARED_SELECTOR = YES;
				GCC_WARN_UNINITIALIZED_AUTOS = YES_AGGRESSIVE;
				GCC_WARN_UNUSED_FUNCTION = YES;
				GCC_WARN_UNUSED_VARIABLE = YES;
				IPHONEOS_DEPLOYMENT_TARGET = 8.0;
				MTL_ENABLE_DEBUG_INFO = YES;
				ONLY_ACTIVE_ARCH = YES;
				SDKROOT = iphoneos;
				TARGETED_DEVICE_FAMILY = "1,2";
			};
			name = Debug;
		};
		FEF72AC81D976315004E57B7 /* Release */ = {
			isa = XCBuildConfiguration;
			buildSettings = {
				ALWAYS_SEARCH_USER_PATHS = NO;
				CLANG_ANALYZER_NONNULL = YES;
				CLANG_CXX_LANGUAGE_STANDARD = "gnu++0x";
				CLANG_CXX_LIBRARY = "libc++";
				CLANG_ENABLE_MODULES = YES;
				CLANG_ENABLE_OBJC_ARC = YES;
				CLANG_WARN_BOOL_CONVERSION = YES;
				CLANG_WARN_CONSTANT_CONVERSION = YES;
				CLANG_WARN_DIRECT_OBJC_ISA_USAGE = YES_ERROR;
				CLANG_WARN_DOCUMENTATION_COMMENTS = YES;
				CLANG_WARN_EMPTY_BODY = YES;
				CLANG_WARN_ENUM_CONVERSION = YES;
				CLANG_WARN_INFINITE_RECURSION = YES;
				CLANG_WARN_INT_CONVERSION = YES;
				CLANG_WARN_OBJC_ROOT_CLASS = YES_ERROR;
				CLANG_WARN_SUSPICIOUS_MOVES = YES;
				CLANG_WARN_UNREACHABLE_CODE = YES;
				CLANG_WARN__DUPLICATE_METHOD_MATCH = YES;
				"CODE_SIGN_IDENTITY[sdk=iphoneos*]" = "iPhone Developer";
				COPY_PHASE_STRIP = NO;
				DEBUG_INFORMATION_FORMAT = "dwarf-with-dsym";
				ENABLE_NS_ASSERTIONS = NO;
				ENABLE_STRICT_OBJC_MSGSEND = YES;
				GCC_C_LANGUAGE_STANDARD = gnu99;
				GCC_NO_COMMON_BLOCKS = YES;
				GCC_WARN_64_TO_32_BIT_CONVERSION = YES;
				GCC_WARN_ABOUT_RETURN_TYPE = YES_ERROR;
				GCC_WARN_UNDECLARED_SELECTOR = YES;
				GCC_WARN_UNINITIALIZED_AUTOS = YES_AGGRESSIVE;
				GCC_WARN_UNUSED_FUNCTION = YES;
				GCC_WARN_UNUSED_VARIABLE = YES;
				IPHONEOS_DEPLOYMENT_TARGET = 8.0;
				MTL_ENABLE_DEBUG_INFO = NO;
				SDKROOT = iphoneos;
				TARGETED_DEVICE_FAMILY = "1,2";
				VALIDATE_PRODUCT = YES;
			};
			name = Release;
		};
		FEF72ACA1D976315004E57B7 /* Debug */ = {
			isa = XCBuildConfiguration;
			baseConfigurationReference = E11494CDA5B95032783ABA1B /* Pods-Floral.debug.xcconfig */;
			buildSettings = {
				ASSETCATALOG_COMPILER_APPICON_NAME = AppIcon;
				DEVELOPMENT_TEAM = TW9TZZPMCS;
				GCC_PREFIX_HEADER = "Floral/Classes/Others - 工具类/Others/PrefixHeader.pch";
				INFOPLIST_FILE = Floral/Info.plist;
				LD_RUNPATH_SEARCH_PATHS = "$(inherited) @executable_path/Frameworks";
				PRODUCT_BUNDLE_IDENTIFIER = "sunmengxxx.---";
				PRODUCT_NAME = "轮播图";
				TARGETED_DEVICE_FAMILY = 1;
			};
			name = Debug;
		};
		FEF72ACB1D976315004E57B7 /* Release */ = {
			isa = XCBuildConfiguration;
			baseConfigurationReference = E257BEB60644C0B0CB5EF29B /* Pods-Floral.release.xcconfig */;
			buildSettings = {
				ASSETCATALOG_COMPILER_APPICON_NAME = AppIcon;
				DEVELOPMENT_TEAM = TW9TZZPMCS;
				GCC_PREFIX_HEADER = "Floral/Classes/Others - 工具类/Others/PrefixHeader.pch";
				INFOPLIST_FILE = Floral/Info.plist;
				LD_RUNPATH_SEARCH_PATHS = "$(inherited) @executable_path/Frameworks";
				PRODUCT_BUNDLE_IDENTIFIER = "sunmengxxx.---";
				PRODUCT_NAME = "轮播图";
				TARGETED_DEVICE_FAMILY = 1;
			};
			name = Release;
		};
		FEF72ACD1D976315004E57B7 /* Debug */ = {
			isa = XCBuildConfiguration;
			buildSettings = {
				BUNDLE_LOADER = "$(TEST_HOST)";
				DEVELOPMENT_TEAM = 78HPYMVJHK;
				INFOPLIST_FILE = FloralTests/Info.plist;
				LD_RUNPATH_SEARCH_PATHS = "$(inherited) @executable_path/Frameworks @loader_path/Frameworks";
				PRODUCT_BUNDLE_IDENTIFIER = sunmengxxx.FloralTests;
				PRODUCT_NAME = "$(TARGET_NAME)";
				TEST_HOST = "$(BUILT_PRODUCTS_DIR)/Floral.app/Floral";
			};
			name = Debug;
		};
		FEF72ACE1D976315004E57B7 /* Release */ = {
			isa = XCBuildConfiguration;
			buildSettings = {
				BUNDLE_LOADER = "$(TEST_HOST)";
				DEVELOPMENT_TEAM = 78HPYMVJHK;
				INFOPLIST_FILE = FloralTests/Info.plist;
				LD_RUNPATH_SEARCH_PATHS = "$(inherited) @executable_path/Frameworks @loader_path/Frameworks";
				PRODUCT_BUNDLE_IDENTIFIER = sunmengxxx.FloralTests;
				PRODUCT_NAME = "$(TARGET_NAME)";
				TEST_HOST = "$(BUILT_PRODUCTS_DIR)/Floral.app/Floral";
			};
			name = Release;
		};
		FEF72AD01D976315004E57B7 /* Debug */ = {
			isa = XCBuildConfiguration;
			buildSettings = {
				DEVELOPMENT_TEAM = 78HPYMVJHK;
				INFOPLIST_FILE = FloralUITests/Info.plist;
				LD_RUNPATH_SEARCH_PATHS = "$(inherited) @executable_path/Frameworks @loader_path/Frameworks";
				PRODUCT_BUNDLE_IDENTIFIER = sunmengxxx.FloralUITests;
				PRODUCT_NAME = "$(TARGET_NAME)";
				TEST_TARGET_NAME = Floral;
			};
			name = Debug;
		};
		FEF72AD11D976315004E57B7 /* Release */ = {
			isa = XCBuildConfiguration;
			buildSettings = {
				DEVELOPMENT_TEAM = 78HPYMVJHK;
				INFOPLIST_FILE = FloralUITests/Info.plist;
				LD_RUNPATH_SEARCH_PATHS = "$(inherited) @executable_path/Frameworks @loader_path/Frameworks";
				PRODUCT_BUNDLE_IDENTIFIER = sunmengxxx.FloralUITests;
				PRODUCT_NAME = "$(TARGET_NAME)";
				TEST_TARGET_NAME = Floral;
			};
			name = Release;
		};
/* End XCBuildConfiguration section */

/* Begin XCConfigurationList section */
		FEF72A971D976315004E57B7 /* Build configuration list for PBXProject "Floral" */ = {
			isa = XCConfigurationList;
			buildConfigurations = (
				FEF72AC71D976315004E57B7 /* Debug */,
				FEF72AC81D976315004E57B7 /* Release */,
			);
			defaultConfigurationIsVisible = 0;
			defaultConfigurationName = Release;
		};
		FEF72AC91D976315004E57B7 /* Build configuration list for PBXNativeTarget "Floral" */ = {
			isa = XCConfigurationList;
			buildConfigurations = (
				FEF72ACA1D976315004E57B7 /* Debug */,
				FEF72ACB1D976315004E57B7 /* Release */,
			);
			defaultConfigurationIsVisible = 0;
			defaultConfigurationName = Release;
		};
		FEF72ACC1D976315004E57B7 /* Build configuration list for PBXNativeTarget "FloralTests" */ = {
			isa = XCConfigurationList;
			buildConfigurations = (
				FEF72ACD1D976315004E57B7 /* Debug */,
				FEF72ACE1D976315004E57B7 /* Release */,
			);
			defaultConfigurationIsVisible = 0;
			defaultConfigurationName = Release;
		};
		FEF72ACF1D976315004E57B7 /* Build configuration list for PBXNativeTarget "FloralUITests" */ = {
			isa = XCConfigurationList;
			buildConfigurations = (
				FEF72AD01D976315004E57B7 /* Debug */,
				FEF72AD11D976315004E57B7 /* Release */,
			);
			defaultConfigurationIsVisible = 0;
			defaultConfigurationName = Release;
		};
/* End XCConfigurationList section */
	};
	rootObject = FEF72A941D976315004E57B7 /* Project object */;
}
